// !$*UTF8*$!
{
	archiveVersion = 1;
	classes = {
	};
	objectVersion = 52;
	objects = {

/* Begin PBXBuildFile section */
		0924C35224BB31FA002855E3 /* Store.swift in Sources */ = {isa = PBXBuildFile; fileRef = 0924C35124BB31FA002855E3 /* Store.swift */; };
		0956AC5B24B0FF4300AB9E3F /* AlbumDetailView.swift in Sources */ = {isa = PBXBuildFile; fileRef = 0956AC5A24B0FF4300AB9E3F /* AlbumDetailView.swift */; };
		0956AC5D24B10FFC00AB9E3F /* CommonViews.swift in Sources */ = {isa = PBXBuildFile; fileRef = 0956AC5C24B10FFC00AB9E3F /* CommonViews.swift */; };
		097377A224C4457A001DD6E1 /* LastFMClient.swift in Sources */ = {isa = PBXBuildFile; fileRef = 097377A124C4457A001DD6E1 /* LastFMClient.swift */; };
		09B7EA2A24BB185D00E8328B /* ComposableArchitecture in Frameworks */ = {isa = PBXBuildFile; productRef = 09B7EA2924BB185D00E8328B /* ComposableArchitecture */; };
		09D1B91924C86E6100CC42CD /* Nuke in Frameworks */ = {isa = PBXBuildFile; productRef = 09D1B91824C86E6100CC42CD /* Nuke */; };
		09D1B91B24C86FB400CC42CD /* ImageClient.swift in Sources */ = {isa = PBXBuildFile; fileRef = 09D1B91A24C86FB400CC42CD /* ImageClient.swift */; };
		09D1B91E24C8736600CC42CD /* ImagePublisher in Frameworks */ = {isa = PBXBuildFile; productRef = 09D1B91D24C8736600CC42CD /* ImagePublisher */; };
		09F1734124ACC72A000E2B6B /* vinylogueApp.swift in Sources */ = {isa = PBXBuildFile; fileRef = 09F1734024ACC72A000E2B6B /* vinylogueApp.swift */; };
		09F1734324ACC72A000E2B6B /* RootView.swift in Sources */ = {isa = PBXBuildFile; fileRef = 09F1734224ACC72A000E2B6B /* RootView.swift */; };
		09F1734524ACC72B000E2B6B /* Assets.xcassets in Resources */ = {isa = PBXBuildFile; fileRef = 09F1734424ACC72B000E2B6B /* Assets.xcassets */; };
		09F1734824ACC72B000E2B6B /* Preview Assets.xcassets in Resources */ = {isa = PBXBuildFile; fileRef = 09F1734724ACC72B000E2B6B /* Preview Assets.xcassets */; };
		09F1735324ACC72B000E2B6B /* vinylogueTests.swift in Sources */ = {isa = PBXBuildFile; fileRef = 09F1735224ACC72B000E2B6B /* vinylogueTests.swift */; };
		09F1735E24ACC72B000E2B6B /* vinylogueUITests.swift in Sources */ = {isa = PBXBuildFile; fileRef = 09F1735D24ACC72B000E2B6B /* vinylogueUITests.swift */; };
		09F1736C24ACDA79000E2B6B /* Style.swift in Sources */ = {isa = PBXBuildFile; fileRef = 09F1736B24ACDA79000E2B6B /* Style.swift */; };
		09F1736E24ACDAA8000E2B6B /* LoginView.swift in Sources */ = {isa = PBXBuildFile; fileRef = 09F1736D24ACDAA8000E2B6B /* LoginView.swift */; };
		09F1737024ACDB75000E2B6B /* FavoriteUsersView.swift in Sources */ = {isa = PBXBuildFile; fileRef = 09F1736F24ACDB75000E2B6B /* FavoriteUsersView.swift */; };
		09F1737224ACEAF4000E2B6B /* SettingsView.swift in Sources */ = {isa = PBXBuildFile; fileRef = 09F1737124ACEAF4000E2B6B /* SettingsView.swift */; };
		09F1737424ACF176000E2B6B /* SimpleCell.swift in Sources */ = {isa = PBXBuildFile; fileRef = 09F1737324ACF176000E2B6B /* SimpleCell.swift */; };
		09F93D4A24AE39E900CD98C8 /* WeeklyAlbumChartView.swift in Sources */ = {isa = PBXBuildFile; fileRef = 09F93D4924AE39E900CD98C8 /* WeeklyAlbumChartView.swift */; };
/* End PBXBuildFile section */

/* Begin PBXContainerItemProxy section */
		09F1734F24ACC72B000E2B6B /* PBXContainerItemProxy */ = {
			isa = PBXContainerItemProxy;
			containerPortal = 09F1733524ACC72A000E2B6B /* Project object */;
			proxyType = 1;
			remoteGlobalIDString = 09F1733C24ACC72A000E2B6B;
			remoteInfo = vinylogue;
		};
		09F1735A24ACC72B000E2B6B /* PBXContainerItemProxy */ = {
			isa = PBXContainerItemProxy;
			containerPortal = 09F1733524ACC72A000E2B6B /* Project object */;
			proxyType = 1;
			remoteGlobalIDString = 09F1733C24ACC72A000E2B6B;
			remoteInfo = vinylogue;
		};
/* End PBXContainerItemProxy section */

/* Begin PBXFileReference section */
		0924C35124BB31FA002855E3 /* Store.swift */ = {isa = PBXFileReference; lastKnownFileType = sourcecode.swift; path = Store.swift; sourceTree = "<group>"; };
		0956AC5A24B0FF4300AB9E3F /* AlbumDetailView.swift */ = {isa = PBXFileReference; lastKnownFileType = sourcecode.swift; path = AlbumDetailView.swift; sourceTree = "<group>"; };
		0956AC5C24B10FFC00AB9E3F /* CommonViews.swift */ = {isa = PBXFileReference; lastKnownFileType = sourcecode.swift; path = CommonViews.swift; sourceTree = "<group>"; };
		097377A124C4457A001DD6E1 /* LastFMClient.swift */ = {isa = PBXFileReference; lastKnownFileType = sourcecode.swift; path = LastFMClient.swift; sourceTree = "<group>"; };
		09D1B91A24C86FB400CC42CD /* ImageClient.swift */ = {isa = PBXFileReference; lastKnownFileType = sourcecode.swift; path = ImageClient.swift; sourceTree = "<group>"; };
		09F1733D24ACC72A000E2B6B /* vinylogue.app */ = {isa = PBXFileReference; explicitFileType = wrapper.application; includeInIndex = 0; path = vinylogue.app; sourceTree = BUILT_PRODUCTS_DIR; };
		09F1734024ACC72A000E2B6B /* vinylogueApp.swift */ = {isa = PBXFileReference; lastKnownFileType = sourcecode.swift; path = vinylogueApp.swift; sourceTree = "<group>"; };
		09F1734224ACC72A000E2B6B /* RootView.swift */ = {isa = PBXFileReference; lastKnownFileType = sourcecode.swift; path = RootView.swift; sourceTree = "<group>"; };
		09F1734424ACC72B000E2B6B /* Assets.xcassets */ = {isa = PBXFileReference; lastKnownFileType = folder.assetcatalog; path = Assets.xcassets; sourceTree = "<group>"; };
		09F1734724ACC72B000E2B6B /* Preview Assets.xcassets */ = {isa = PBXFileReference; lastKnownFileType = folder.assetcatalog; path = "Preview Assets.xcassets"; sourceTree = "<group>"; };
		09F1734924ACC72B000E2B6B /* Info.plist */ = {isa = PBXFileReference; lastKnownFileType = text.plist.xml; path = Info.plist; sourceTree = "<group>"; };
		09F1734E24ACC72B000E2B6B /* vinylogueTests.xctest */ = {isa = PBXFileReference; explicitFileType = wrapper.cfbundle; includeInIndex = 0; path = vinylogueTests.xctest; sourceTree = BUILT_PRODUCTS_DIR; };
		09F1735224ACC72B000E2B6B /* vinylogueTests.swift */ = {isa = PBXFileReference; lastKnownFileType = sourcecode.swift; path = vinylogueTests.swift; sourceTree = "<group>"; };
		09F1735424ACC72B000E2B6B /* Info.plist */ = {isa = PBXFileReference; lastKnownFileType = text.plist.xml; path = Info.plist; sourceTree = "<group>"; };
		09F1735924ACC72B000E2B6B /* vinylogueUITests.xctest */ = {isa = PBXFileReference; explicitFileType = wrapper.cfbundle; includeInIndex = 0; path = vinylogueUITests.xctest; sourceTree = BUILT_PRODUCTS_DIR; };
		09F1735D24ACC72B000E2B6B /* vinylogueUITests.swift */ = {isa = PBXFileReference; lastKnownFileType = sourcecode.swift; path = vinylogueUITests.swift; sourceTree = "<group>"; };
		09F1735F24ACC72B000E2B6B /* Info.plist */ = {isa = PBXFileReference; lastKnownFileType = text.plist.xml; path = Info.plist; sourceTree = "<group>"; };
		09F1736B24ACDA79000E2B6B /* Style.swift */ = {isa = PBXFileReference; lastKnownFileType = sourcecode.swift; path = Style.swift; sourceTree = "<group>"; };
		09F1736D24ACDAA8000E2B6B /* LoginView.swift */ = {isa = PBXFileReference; lastKnownFileType = sourcecode.swift; path = LoginView.swift; sourceTree = "<group>"; };
		09F1736F24ACDB75000E2B6B /* FavoriteUsersView.swift */ = {isa = PBXFileReference; lastKnownFileType = sourcecode.swift; path = FavoriteUsersView.swift; sourceTree = "<group>"; };
		09F1737124ACEAF4000E2B6B /* SettingsView.swift */ = {isa = PBXFileReference; lastKnownFileType = sourcecode.swift; path = SettingsView.swift; sourceTree = "<group>"; };
		09F1737324ACF176000E2B6B /* SimpleCell.swift */ = {isa = PBXFileReference; lastKnownFileType = sourcecode.swift; path = SimpleCell.swift; sourceTree = "<group>"; };
		09F93D4924AE39E900CD98C8 /* WeeklyAlbumChartView.swift */ = {isa = PBXFileReference; lastKnownFileType = sourcecode.swift; path = WeeklyAlbumChartView.swift; sourceTree = "<group>"; };
/* End PBXFileReference section */

/* Begin PBXFrameworksBuildPhase section */
		09F1733A24ACC72A000E2B6B /* Frameworks */ = {
			isa = PBXFrameworksBuildPhase;
			buildActionMask = 2147483647;
			files = (
				09B7EA2A24BB185D00E8328B /* ComposableArchitecture in Frameworks */,
				09D1B91E24C8736600CC42CD /* ImagePublisher in Frameworks */,
				09D1B91924C86E6100CC42CD /* Nuke in Frameworks */,
			);
			runOnlyForDeploymentPostprocessing = 0;
		};
		09F1734B24ACC72B000E2B6B /* Frameworks */ = {
			isa = PBXFrameworksBuildPhase;
			buildActionMask = 2147483647;
			files = (
			);
			runOnlyForDeploymentPostprocessing = 0;
		};
		09F1735624ACC72B000E2B6B /* Frameworks */ = {
			isa = PBXFrameworksBuildPhase;
			buildActionMask = 2147483647;
			files = (
			);
			runOnlyForDeploymentPostprocessing = 0;
		};
/* End PBXFrameworksBuildPhase section */

/* Begin PBXGroup section */
		09F1733424ACC72A000E2B6B = {
			isa = PBXGroup;
			children = (
				09F1733F24ACC72A000E2B6B /* vinylogue */,
				09F1735124ACC72B000E2B6B /* vinylogueTests */,
				09F1735C24ACC72B000E2B6B /* vinylogueUITests */,
				09F1733E24ACC72A000E2B6B /* Products */,
			);
			sourceTree = "<group>";
		};
		09F1733E24ACC72A000E2B6B /* Products */ = {
			isa = PBXGroup;
			children = (
				09F1733D24ACC72A000E2B6B /* vinylogue.app */,
				09F1734E24ACC72B000E2B6B /* vinylogueTests.xctest */,
				09F1735924ACC72B000E2B6B /* vinylogueUITests.xctest */,
			);
			name = Products;
			sourceTree = "<group>";
		};
		09F1733F24ACC72A000E2B6B /* vinylogue */ = {
			isa = PBXGroup;
			children = (
				0924C35124BB31FA002855E3 /* Store.swift */,
				09F1734024ACC72A000E2B6B /* vinylogueApp.swift */,
				09F1734224ACC72A000E2B6B /* RootView.swift */,
				09F1736D24ACDAA8000E2B6B /* LoginView.swift */,
				09F1736F24ACDB75000E2B6B /* FavoriteUsersView.swift */,
				09F93D4924AE39E900CD98C8 /* WeeklyAlbumChartView.swift */,
				0956AC5A24B0FF4300AB9E3F /* AlbumDetailView.swift */,
				09F1737124ACEAF4000E2B6B /* SettingsView.swift */,
				09F1737324ACF176000E2B6B /* SimpleCell.swift */,
				0956AC5C24B10FFC00AB9E3F /* CommonViews.swift */,
				09F1736B24ACDA79000E2B6B /* Style.swift */,
				097377A124C4457A001DD6E1 /* LastFMClient.swift */,
				09D1B91A24C86FB400CC42CD /* ImageClient.swift */,
				09F1734424ACC72B000E2B6B /* Assets.xcassets */,
				09F1734924ACC72B000E2B6B /* Info.plist */,
				09F1734624ACC72B000E2B6B /* Preview Content */,
			);
			path = vinylogue;
			sourceTree = "<group>";
		};
		09F1734624ACC72B000E2B6B /* Preview Content */ = {
			isa = PBXGroup;
			children = (
				09F1734724ACC72B000E2B6B /* Preview Assets.xcassets */,
			);
			path = "Preview Content";
			sourceTree = "<group>";
		};
		09F1735124ACC72B000E2B6B /* vinylogueTests */ = {
			isa = PBXGroup;
			children = (
				09F1735224ACC72B000E2B6B /* vinylogueTests.swift */,
				09F1735424ACC72B000E2B6B /* Info.plist */,
			);
			path = vinylogueTests;
			sourceTree = "<group>";
		};
		09F1735C24ACC72B000E2B6B /* vinylogueUITests */ = {
			isa = PBXGroup;
			children = (
				09F1735D24ACC72B000E2B6B /* vinylogueUITests.swift */,
				09F1735F24ACC72B000E2B6B /* Info.plist */,
			);
			path = vinylogueUITests;
			sourceTree = "<group>";
		};
/* End PBXGroup section */

/* Begin PBXNativeTarget section */
		09F1733C24ACC72A000E2B6B /* vinylogue */ = {
			isa = PBXNativeTarget;
			buildConfigurationList = 09F1736224ACC72B000E2B6B /* Build configuration list for PBXNativeTarget "vinylogue" */;
			buildPhases = (
				09F1733924ACC72A000E2B6B /* Sources */,
				09F1733A24ACC72A000E2B6B /* Frameworks */,
				09F1733B24ACC72A000E2B6B /* Resources */,
			);
			buildRules = (
			);
			dependencies = (
			);
			name = vinylogue;
			packageProductDependencies = (
				09B7EA2924BB185D00E8328B /* ComposableArchitecture */,
				09D1B91824C86E6100CC42CD /* Nuke */,
				09D1B91D24C8736600CC42CD /* ImagePublisher */,
			);
			productName = vinylogue;
			productReference = 09F1733D24ACC72A000E2B6B /* vinylogue.app */;
			productType = "com.apple.product-type.application";
		};
		09F1734D24ACC72B000E2B6B /* vinylogueTests */ = {
			isa = PBXNativeTarget;
			buildConfigurationList = 09F1736524ACC72B000E2B6B /* Build configuration list for PBXNativeTarget "vinylogueTests" */;
			buildPhases = (
				09F1734A24ACC72B000E2B6B /* Sources */,
				09F1734B24ACC72B000E2B6B /* Frameworks */,
				09F1734C24ACC72B000E2B6B /* Resources */,
			);
			buildRules = (
			);
			dependencies = (
				09F1735024ACC72B000E2B6B /* PBXTargetDependency */,
			);
			name = vinylogueTests;
			productName = vinylogueTests;
			productReference = 09F1734E24ACC72B000E2B6B /* vinylogueTests.xctest */;
			productType = "com.apple.product-type.bundle.unit-test";
		};
		09F1735824ACC72B000E2B6B /* vinylogueUITests */ = {
			isa = PBXNativeTarget;
			buildConfigurationList = 09F1736824ACC72B000E2B6B /* Build configuration list for PBXNativeTarget "vinylogueUITests" */;
			buildPhases = (
				09F1735524ACC72B000E2B6B /* Sources */,
				09F1735624ACC72B000E2B6B /* Frameworks */,
				09F1735724ACC72B000E2B6B /* Resources */,
			);
			buildRules = (
			);
			dependencies = (
				09F1735B24ACC72B000E2B6B /* PBXTargetDependency */,
			);
			name = vinylogueUITests;
			productName = vinylogueUITests;
			productReference = 09F1735924ACC72B000E2B6B /* vinylogueUITests.xctest */;
			productType = "com.apple.product-type.bundle.ui-testing";
		};
/* End PBXNativeTarget section */

/* Begin PBXProject section */
		09F1733524ACC72A000E2B6B /* Project object */ = {
			isa = PBXProject;
			attributes = {
				LastSwiftUpdateCheck = 1200;
				LastUpgradeCheck = 1200;
				TargetAttributes = {
					09F1733C24ACC72A000E2B6B = {
						CreatedOnToolsVersion = 12.0;
					};
					09F1734D24ACC72B000E2B6B = {
						CreatedOnToolsVersion = 12.0;
						TestTargetID = 09F1733C24ACC72A000E2B6B;
					};
					09F1735824ACC72B000E2B6B = {
						CreatedOnToolsVersion = 12.0;
						TestTargetID = 09F1733C24ACC72A000E2B6B;
					};
				};
			};
			buildConfigurationList = 09F1733824ACC72A000E2B6B /* Build configuration list for PBXProject "vinylogue" */;
			compatibilityVersion = "Xcode 9.3";
			developmentRegion = en;
			hasScannedForEncodings = 0;
			knownRegions = (
				en,
				Base,
			);
			mainGroup = 09F1733424ACC72A000E2B6B;
			packageReferences = (
				09B7EA2824BB185D00E8328B /* XCRemoteSwiftPackageReference "swift-composable-architecture" */,
				09D1B91724C86E6100CC42CD /* XCRemoteSwiftPackageReference "Nuke" */,
				09D1B91C24C8736600CC42CD /* XCRemoteSwiftPackageReference "ImagePublisher" */,
			);
			productRefGroup = 09F1733E24ACC72A000E2B6B /* Products */;
			projectDirPath = "";
			projectRoot = "";
			targets = (
				09F1733C24ACC72A000E2B6B /* vinylogue */,
				09F1734D24ACC72B000E2B6B /* vinylogueTests */,
				09F1735824ACC72B000E2B6B /* vinylogueUITests */,
			);
		};
/* End PBXProject section */

/* Begin PBXResourcesBuildPhase section */
		09F1733B24ACC72A000E2B6B /* Resources */ = {
			isa = PBXResourcesBuildPhase;
			buildActionMask = 2147483647;
			files = (
				09F1734824ACC72B000E2B6B /* Preview Assets.xcassets in Resources */,
				09F1734524ACC72B000E2B6B /* Assets.xcassets in Resources */,
			);
			runOnlyForDeploymentPostprocessing = 0;
		};
		09F1734C24ACC72B000E2B6B /* Resources */ = {
			isa = PBXResourcesBuildPhase;
			buildActionMask = 2147483647;
			files = (
			);
			runOnlyForDeploymentPostprocessing = 0;
		};
		09F1735724ACC72B000E2B6B /* Resources */ = {
			isa = PBXResourcesBuildPhase;
			buildActionMask = 2147483647;
			files = (
			);
			runOnlyForDeploymentPostprocessing = 0;
		};
/* End PBXResourcesBuildPhase section */

/* Begin PBXSourcesBuildPhase section */
		09F1733924ACC72A000E2B6B /* Sources */ = {
			isa = PBXSourcesBuildPhase;
			buildActionMask = 2147483647;
			files = (
				09F1737024ACDB75000E2B6B /* FavoriteUsersView.swift in Sources */,
				0956AC5D24B10FFC00AB9E3F /* CommonViews.swift in Sources */,
				09F1737424ACF176000E2B6B /* SimpleCell.swift in Sources */,
				097377A224C4457A001DD6E1 /* LastFMClient.swift in Sources */,
				09F1734324ACC72A000E2B6B /* RootView.swift in Sources */,
				09F1736C24ACDA79000E2B6B /* Style.swift in Sources */,
				0956AC5B24B0FF4300AB9E3F /* AlbumDetailView.swift in Sources */,
				0924C35224BB31FA002855E3 /* Store.swift in Sources */,
				09F93D4A24AE39E900CD98C8 /* WeeklyAlbumChartView.swift in Sources */,
				09D1B91B24C86FB400CC42CD /* ImageClient.swift in Sources */,
				09F1737224ACEAF4000E2B6B /* SettingsView.swift in Sources */,
				09F1736E24ACDAA8000E2B6B /* LoginView.swift in Sources */,
				09F1734124ACC72A000E2B6B /* vinylogueApp.swift in Sources */,
			);
			runOnlyForDeploymentPostprocessing = 0;
		};
		09F1734A24ACC72B000E2B6B /* Sources */ = {
			isa = PBXSourcesBuildPhase;
			buildActionMask = 2147483647;
			files = (
				09F1735324ACC72B000E2B6B /* vinylogueTests.swift in Sources */,
			);
			runOnlyForDeploymentPostprocessing = 0;
		};
		09F1735524ACC72B000E2B6B /* Sources */ = {
			isa = PBXSourcesBuildPhase;
			buildActionMask = 2147483647;
			files = (
				09F1735E24ACC72B000E2B6B /* vinylogueUITests.swift in Sources */,
			);
			runOnlyForDeploymentPostprocessing = 0;
		};
/* End PBXSourcesBuildPhase section */

/* Begin PBXTargetDependency section */
		09F1735024ACC72B000E2B6B /* PBXTargetDependency */ = {
			isa = PBXTargetDependency;
			target = 09F1733C24ACC72A000E2B6B /* vinylogue */;
			targetProxy = 09F1734F24ACC72B000E2B6B /* PBXContainerItemProxy */;
		};
		09F1735B24ACC72B000E2B6B /* PBXTargetDependency */ = {
			isa = PBXTargetDependency;
			target = 09F1733C24ACC72A000E2B6B /* vinylogue */;
			targetProxy = 09F1735A24ACC72B000E2B6B /* PBXContainerItemProxy */;
		};
/* End PBXTargetDependency section */

/* Begin XCBuildConfiguration section */
		09F1736024ACC72B000E2B6B /* Debug */ = {
			isa = XCBuildConfiguration;
			buildSettings = {
				ALWAYS_SEARCH_USER_PATHS = NO;
				CLANG_ANALYZER_NONNULL = YES;
				CLANG_ANALYZER_NUMBER_OBJECT_CONVERSION = YES_AGGRESSIVE;
				CLANG_CXX_LANGUAGE_STANDARD = "gnu++14";
				CLANG_CXX_LIBRARY = "libc++";
				CLANG_ENABLE_MODULES = YES;
				CLANG_ENABLE_OBJC_ARC = YES;
				CLANG_ENABLE_OBJC_WEAK = YES;
				CLANG_WARN_BLOCK_CAPTURE_AUTORELEASING = YES;
				CLANG_WARN_BOOL_CONVERSION = YES;
				CLANG_WARN_COMMA = YES;
				CLANG_WARN_CONSTANT_CONVERSION = YES;
				CLANG_WARN_DEPRECATED_OBJC_IMPLEMENTATIONS = YES;
				CLANG_WARN_DIRECT_OBJC_ISA_USAGE = YES_ERROR;
				CLANG_WARN_DOCUMENTATION_COMMENTS = YES;
				CLANG_WARN_EMPTY_BODY = YES;
				CLANG_WARN_ENUM_CONVERSION = YES;
				CLANG_WARN_INFINITE_RECURSION = YES;
				CLANG_WARN_INT_CONVERSION = YES;
				CLANG_WARN_NON_LITERAL_NULL_CONVERSION = YES;
				CLANG_WARN_OBJC_IMPLICIT_RETAIN_SELF = YES;
				CLANG_WARN_OBJC_LITERAL_CONVERSION = YES;
				CLANG_WARN_OBJC_ROOT_CLASS = YES_ERROR;
				CLANG_WARN_QUOTED_INCLUDE_IN_FRAMEWORK_HEADER = YES;
				CLANG_WARN_RANGE_LOOP_ANALYSIS = YES;
				CLANG_WARN_STRICT_PROTOTYPES = YES;
				CLANG_WARN_SUSPICIOUS_MOVE = YES;
				CLANG_WARN_UNGUARDED_AVAILABILITY = YES_AGGRESSIVE;
				CLANG_WARN_UNREACHABLE_CODE = YES;
				CLANG_WARN__DUPLICATE_METHOD_MATCH = YES;
				COPY_PHASE_STRIP = NO;
				DEBUG_INFORMATION_FORMAT = dwarf;
				ENABLE_STRICT_OBJC_MSGSEND = YES;
				ENABLE_TESTABILITY = YES;
				GCC_C_LANGUAGE_STANDARD = gnu11;
				GCC_DYNAMIC_NO_PIC = NO;
				GCC_NO_COMMON_BLOCKS = YES;
				GCC_OPTIMIZATION_LEVEL = 0;
				GCC_PREPROCESSOR_DEFINITIONS = (
					"DEBUG=1",
					"$(inherited)",
				);
				GCC_WARN_64_TO_32_BIT_CONVERSION = YES;
				GCC_WARN_ABOUT_RETURN_TYPE = YES_ERROR;
				GCC_WARN_UNDECLARED_SELECTOR = YES;
				GCC_WARN_UNINITIALIZED_AUTOS = YES_AGGRESSIVE;
				GCC_WARN_UNUSED_FUNCTION = YES;
				GCC_WARN_UNUSED_VARIABLE = YES;
				IPHONEOS_DEPLOYMENT_TARGET = 14.0;
				MTL_ENABLE_DEBUG_INFO = INCLUDE_SOURCE;
				MTL_FAST_MATH = YES;
				ONLY_ACTIVE_ARCH = YES;
				SDKROOT = iphoneos;
				SWIFT_ACTIVE_COMPILATION_CONDITIONS = DEBUG;
				SWIFT_OPTIMIZATION_LEVEL = "-Onone";
			};
			name = Debug;
		};
		09F1736124ACC72B000E2B6B /* Release */ = {
			isa = XCBuildConfiguration;
			buildSettings = {
				ALWAYS_SEARCH_USER_PATHS = NO;
				CLANG_ANALYZER_NONNULL = YES;
				CLANG_ANALYZER_NUMBER_OBJECT_CONVERSION = YES_AGGRESSIVE;
				CLANG_CXX_LANGUAGE_STANDARD = "gnu++14";
				CLANG_CXX_LIBRARY = "libc++";
				CLANG_ENABLE_MODULES = YES;
				CLANG_ENABLE_OBJC_ARC = YES;
				CLANG_ENABLE_OBJC_WEAK = YES;
				CLANG_WARN_BLOCK_CAPTURE_AUTORELEASING = YES;
				CLANG_WARN_BOOL_CONVERSION = YES;
				CLANG_WARN_COMMA = YES;
				CLANG_WARN_CONSTANT_CONVERSION = YES;
				CLANG_WARN_DEPRECATED_OBJC_IMPLEMENTATIONS = YES;
				CLANG_WARN_DIRECT_OBJC_ISA_USAGE = YES_ERROR;
				CLANG_WARN_DOCUMENTATION_COMMENTS = YES;
				CLANG_WARN_EMPTY_BODY = YES;
				CLANG_WARN_ENUM_CONVERSION = YES;
				CLANG_WARN_INFINITE_RECURSION = YES;
				CLANG_WARN_INT_CONVERSION = YES;
				CLANG_WARN_NON_LITERAL_NULL_CONVERSION = YES;
				CLANG_WARN_OBJC_IMPLICIT_RETAIN_SELF = YES;
				CLANG_WARN_OBJC_LITERAL_CONVERSION = YES;
				CLANG_WARN_OBJC_ROOT_CLASS = YES_ERROR;
				CLANG_WARN_QUOTED_INCLUDE_IN_FRAMEWORK_HEADER = YES;
				CLANG_WARN_RANGE_LOOP_ANALYSIS = YES;
				CLANG_WARN_STRICT_PROTOTYPES = YES;
				CLANG_WARN_SUSPICIOUS_MOVE = YES;
				CLANG_WARN_UNGUARDED_AVAILABILITY = YES_AGGRESSIVE;
				CLANG_WARN_UNREACHABLE_CODE = YES;
				CLANG_WARN__DUPLICATE_METHOD_MATCH = YES;
				COPY_PHASE_STRIP = NO;
				DEBUG_INFORMATION_FORMAT = "dwarf-with-dsym";
				ENABLE_NS_ASSERTIONS = NO;
				ENABLE_STRICT_OBJC_MSGSEND = YES;
				GCC_C_LANGUAGE_STANDARD = gnu11;
				GCC_NO_COMMON_BLOCKS = YES;
				GCC_WARN_64_TO_32_BIT_CONVERSION = YES;
				GCC_WARN_ABOUT_RETURN_TYPE = YES_ERROR;
				GCC_WARN_UNDECLARED_SELECTOR = YES;
				GCC_WARN_UNINITIALIZED_AUTOS = YES_AGGRESSIVE;
				GCC_WARN_UNUSED_FUNCTION = YES;
				GCC_WARN_UNUSED_VARIABLE = YES;
				IPHONEOS_DEPLOYMENT_TARGET = 14.0;
				MTL_ENABLE_DEBUG_INFO = NO;
				MTL_FAST_MATH = YES;
				SDKROOT = iphoneos;
				SWIFT_COMPILATION_MODE = wholemodule;
				SWIFT_OPTIMIZATION_LEVEL = "-O";
				VALIDATE_PRODUCT = YES;
			};
			name = Release;
		};
		09F1736324ACC72B000E2B6B /* Debug */ = {
			isa = XCBuildConfiguration;
			buildSettings = {
				ASSETCATALOG_COMPILER_APPICON_NAME = AppIcon;
				ASSETCATALOG_COMPILER_GLOBAL_ACCENT_COLOR_NAME = AccentColor;
				CODE_SIGN_STYLE = Automatic;
				DEVELOPMENT_ASSET_PATHS = "\"vinylogue/Preview Content\"";
				DEVELOPMENT_TEAM = LCM86FG57U;
				ENABLE_PREVIEWS = YES;
				INFOPLIST_FILE = vinylogue/Info.plist;
				IPHONEOS_DEPLOYMENT_TARGET = 14.0;
				LD_RUNPATH_SEARCH_PATHS = (
					"$(inherited)",
					"@executable_path/Frameworks",
				);
				PRODUCT_BUNDLE_IDENTIFIER = com.twocentstudios.vinylogue;
				PRODUCT_NAME = "$(TARGET_NAME)";
				SWIFT_VERSION = 5.0;
				TARGETED_DEVICE_FAMILY = "1,2";
			};
			name = Debug;
		};
		09F1736424ACC72B000E2B6B /* Release */ = {
			isa = XCBuildConfiguration;
			buildSettings = {
				ASSETCATALOG_COMPILER_APPICON_NAME = AppIcon;
				ASSETCATALOG_COMPILER_GLOBAL_ACCENT_COLOR_NAME = AccentColor;
				CODE_SIGN_STYLE = Automatic;
				DEVELOPMENT_ASSET_PATHS = "\"vinylogue/Preview Content\"";
				DEVELOPMENT_TEAM = LCM86FG57U;
				ENABLE_PREVIEWS = YES;
				INFOPLIST_FILE = vinylogue/Info.plist;
				IPHONEOS_DEPLOYMENT_TARGET = 14.0;
				LD_RUNPATH_SEARCH_PATHS = (
					"$(inherited)",
					"@executable_path/Frameworks",
				);
				PRODUCT_BUNDLE_IDENTIFIER = com.twocentstudios.vinylogue;
				PRODUCT_NAME = "$(TARGET_NAME)";
				SWIFT_VERSION = 5.0;
				TARGETED_DEVICE_FAMILY = "1,2";
			};
			name = Release;
		};
		09F1736624ACC72B000E2B6B /* Debug */ = {
			isa = XCBuildConfiguration;
			buildSettings = {
				ALWAYS_EMBED_SWIFT_STANDARD_LIBRARIES = YES;
				BUNDLE_LOADER = "$(TEST_HOST)";
				CODE_SIGN_STYLE = Automatic;
				DEVELOPMENT_TEAM = LCM86FG57U;
				INFOPLIST_FILE = vinylogueTests/Info.plist;
				IPHONEOS_DEPLOYMENT_TARGET = 14.0;
				LD_RUNPATH_SEARCH_PATHS = (
					"$(inherited)",
					"@executable_path/Frameworks",
					"@loader_path/Frameworks",
				);
				PRODUCT_BUNDLE_IDENTIFIER = com.twocentstudios.vinylogueTests;
				PRODUCT_NAME = "$(TARGET_NAME)";
				SWIFT_VERSION = 5.0;
				TARGETED_DEVICE_FAMILY = "1,2";
				TEST_HOST = "$(BUILT_PRODUCTS_DIR)/vinylogue.app/vinylogue";
			};
			name = Debug;
		};
		09F1736724ACC72B000E2B6B /* Release */ = {
			isa = XCBuildConfiguration;
			buildSettings = {
				ALWAYS_EMBED_SWIFT_STANDARD_LIBRARIES = YES;
				BUNDLE_LOADER = "$(TEST_HOST)";
				CODE_SIGN_STYLE = Automatic;
				DEVELOPMENT_TEAM = LCM86FG57U;
				INFOPLIST_FILE = vinylogueTests/Info.plist;
				IPHONEOS_DEPLOYMENT_TARGET = 14.0;
				LD_RUNPATH_SEARCH_PATHS = (
					"$(inherited)",
					"@executable_path/Frameworks",
					"@loader_path/Frameworks",
				);
				PRODUCT_BUNDLE_IDENTIFIER = com.twocentstudios.vinylogueTests;
				PRODUCT_NAME = "$(TARGET_NAME)";
				SWIFT_VERSION = 5.0;
				TARGETED_DEVICE_FAMILY = "1,2";
				TEST_HOST = "$(BUILT_PRODUCTS_DIR)/vinylogue.app/vinylogue";
			};
			name = Release;
		};
		09F1736924ACC72B000E2B6B /* Debug */ = {
			isa = XCBuildConfiguration;
			buildSettings = {
				ALWAYS_EMBED_SWIFT_STANDARD_LIBRARIES = YES;
				CODE_SIGN_STYLE = Automatic;
				DEVELOPMENT_TEAM = LCM86FG57U;
				INFOPLIST_FILE = vinylogueUITests/Info.plist;
				LD_RUNPATH_SEARCH_PATHS = (
					"$(inherited)",
					"@executable_path/Frameworks",
					"@loader_path/Frameworks",
				);
				PRODUCT_BUNDLE_IDENTIFIER = com.twocentstudios.vinylogueUITests;
				PRODUCT_NAME = "$(TARGET_NAME)";
				SWIFT_VERSION = 5.0;
				TARGETED_DEVICE_FAMILY = "1,2";
				TEST_TARGET_NAME = vinylogue;
			};
			name = Debug;
		};
		09F1736A24ACC72B000E2B6B /* Release */ = {
			isa = XCBuildConfiguration;
			buildSettings = {
				ALWAYS_EMBED_SWIFT_STANDARD_LIBRARIES = YES;
				CODE_SIGN_STYLE = Automatic;
				DEVELOPMENT_TEAM = LCM86FG57U;
				INFOPLIST_FILE = vinylogueUITests/Info.plist;
				LD_RUNPATH_SEARCH_PATHS = (
					"$(inherited)",
					"@executable_path/Frameworks",
					"@loader_path/Frameworks",
				);
				PRODUCT_BUNDLE_IDENTIFIER = com.twocentstudios.vinylogueUITests;
				PRODUCT_NAME = "$(TARGET_NAME)";
				SWIFT_VERSION = 5.0;
				TARGETED_DEVICE_FAMILY = "1,2";
				TEST_TARGET_NAME = vinylogue;
			};
			name = Release;
		};
/* End XCBuildConfiguration section */

/* Begin XCConfigurationList section */
		09F1733824ACC72A000E2B6B /* Build configuration list for PBXProject "vinylogue" */ = {
			isa = XCConfigurationList;
			buildConfigurations = (
				09F1736024ACC72B000E2B6B /* Debug */,
				09F1736124ACC72B000E2B6B /* Release */,
			);
			defaultConfigurationIsVisible = 0;
			defaultConfigurationName = Release;
		};
		09F1736224ACC72B000E2B6B /* Build configuration list for PBXNativeTarget "vinylogue" */ = {
			isa = XCConfigurationList;
			buildConfigurations = (
				09F1736324ACC72B000E2B6B /* Debug */,
				09F1736424ACC72B000E2B6B /* Release */,
			);
			defaultConfigurationIsVisible = 0;
			defaultConfigurationName = Release;
		};
		09F1736524ACC72B000E2B6B /* Build configuration list for PBXNativeTarget "vinylogueTests" */ = {
			isa = XCConfigurationList;
			buildConfigurations = (
				09F1736624ACC72B000E2B6B /* Debug */,
				09F1736724ACC72B000E2B6B /* Release */,
			);
			defaultConfigurationIsVisible = 0;
			defaultConfigurationName = Release;
		};
		09F1736824ACC72B000E2B6B /* Build configuration list for PBXNativeTarget "vinylogueUITests" */ = {
			isa = XCConfigurationList;
			buildConfigurations = (
				09F1736924ACC72B000E2B6B /* Debug */,
				09F1736A24ACC72B000E2B6B /* Release */,
			);
			defaultConfigurationIsVisible = 0;
			defaultConfigurationName = Release;
		};
/* End XCConfigurationList section */

/* Begin XCRemoteSwiftPackageReference section */
		09B7EA2824BB185D00E8328B /* XCRemoteSwiftPackageReference "swift-composable-architecture" */ = {
			isa = XCRemoteSwiftPackageReference;
			repositoryURL = "https://github.com/pointfreeco/swift-composable-architecture";
			requirement = {
				kind = upToNextMajorVersion;
				minimumVersion = 0.6.0;
			};
		};
		09D1B91724C86E6100CC42CD /* XCRemoteSwiftPackageReference "Nuke" */ = {
			isa = XCRemoteSwiftPackageReference;
			repositoryURL = "https://github.com/kean/Nuke.git";
			requirement = {
				kind = upToNextMajorVersion;
				minimumVersion = 9.1.1;
			};
		};
		09D1B91C24C8736600CC42CD /* XCRemoteSwiftPackageReference "ImagePublisher" */ = {
			isa = XCRemoteSwiftPackageReference;
			repositoryURL = "https://github.com/kean/ImagePublisher";
			requirement = {
				kind = upToNextMajorVersion;
				minimumVersion = 0.2.1;
			};
		};
/* End XCRemoteSwiftPackageReference section */

/* Begin XCSwiftPackageProductDependency section */
		09B7EA2924BB185D00E8328B /* ComposableArchitecture */ = {
			isa = XCSwiftPackageProductDependency;
			package = 09B7EA2824BB185D00E8328B /* XCRemoteSwiftPackageReference "swift-composable-architecture" */;
			productName = ComposableArchitecture;
		};
		09D1B91824C86E6100CC42CD /* Nuke */ = {
			isa = XCSwiftPackageProductDependency;
			package = 09D1B91724C86E6100CC42CD /* XCRemoteSwiftPackageReference "Nuke" */;
			productName = Nuke;
		};
		09D1B91D24C8736600CC42CD /* ImagePublisher */ = {
			isa = XCSwiftPackageProductDependency;
			package = 09D1B91C24C8736600CC42CD /* XCRemoteSwiftPackageReference "ImagePublisher" */;
			productName = ImagePublisher;
		};
/* End XCSwiftPackageProductDependency section */
	};
	rootObject = 09F1733524ACC72A000E2B6B /* Project object */;
}
