// !$*UTF8*$!
{
	archiveVersion = 1;
	classes = {
	};
	objectVersion = 54;
	objects = {

/* Begin PBXBuildFile section */
		00B39DBA804826E5E9353332 /* NukeUI in Frameworks */ = {isa = PBXBuildFile; productRef = EB3BBA0B2FD4CD346C4CC0A7 /* NukeUI */; };
		05E3A5A51071DE5E7E2AA534 /* Environment+Keys.swift in Sources */ = {isa = PBXBuildFile; fileRef = 705D26434CDB654DACBBA5F6 /* Environment+Keys.swift */; };
		0CD455DE58200990F340A629 /* RootView.swift in Sources */ = {isa = PBXBuildFile; fileRef = 14E56759C070D9789838E509 /* RootView.swift */; };
		1237B5A3BDAFAF1FB0E21902 /* LegacyModels.swift in Sources */ = {isa = PBXBuildFile; fileRef = 3EE9DA06101640076F5973EA /* LegacyModels.swift */; };
		153B304063EB9C5A4A111217 /* Dependencies+Vinylogue.swift in Sources */ = {isa = PBXBuildFile; fileRef = 56154FB563EA127014EA5AF3 /* Dependencies+Vinylogue.swift */; };
		1828F284CCFA8305FD52BCD1 /* Assets.xcassets in Resources */ = {isa = PBXBuildFile; fileRef = 2459B22F6080B54FA09B5E5C /* Assets.xcassets */; };
		1D99671C2FE734CB6A614841 /* VinylogueApp.swift in Sources */ = {isa = PBXBuildFile; fileRef = D69DA986080E9218D89262C1 /* VinylogueApp.swift */; };
		239735FA5611B57BA112AAEF /* Secrets.swift in Sources */ = {isa = PBXBuildFile; fileRef = FD7AE9D64A2CA43F4F5B55E2 /* Secrets.swift */; };
		257C55D32BCB823030662851 /* FriendsImporter.swift in Sources */ = {isa = PBXBuildFile; fileRef = 61A2103491B1B740C03DDE8E /* FriendsImporter.swift */; };
		2779D4B3C8725F5B776FE101 /* LegacyMigrator.swift in Sources */ = {isa = PBXBuildFile; fileRef = 6AF18C5C82ECDA87AD06AA7D /* LegacyMigrator.swift */; };
		30EB596AB2DF86962C194119 /* LastFMClient.swift in Sources */ = {isa = PBXBuildFile; fileRef = 1A736EE668C40676A2896B69 /* LastFMClient.swift */; };
		3696F3C7897F6282FE680D3C /* AlbumRowView.swift in Sources */ = {isa = PBXBuildFile; fileRef = 93EBBF8305D3E51421F7E7F4 /* AlbumRowView.swift */; };
		384B05213BDBA789F84FDF15 /* WeeklyAlbumsView.swift in Sources */ = {isa = PBXBuildFile; fileRef = 27E42C84A715E517F4559088 /* WeeklyAlbumsView.swift */; };
		3CA448D2A78D6963CCF9050A /* SharedKeys.swift in Sources */ = {isa = PBXBuildFile; fileRef = F0B88E9576F5D832F788592A /* SharedKeys.swift */; };
		3E45E994F561A62D33C41C83 /* LegacyMigratorTests.swift in Sources */ = {isa = PBXBuildFile; fileRef = 6EA8FFE857D686B398490A7C /* LegacyMigratorTests.swift */; };
		42679B382ED2C4B9FD34FA24 /* EquatableError.swift in Sources */ = {isa = PBXBuildFile; fileRef = 5FDA371FD0FA86EEF318A80E /* EquatableError.swift */; };
		46B2E850C5719DBFDEC3EEDF /* LastFMResponses.swift in Sources */ = {isa = PBXBuildFile; fileRef = 918077500BAC67836FBF270A /* LastFMResponses.swift */; };
		5C55BCE44E722DBC01E2E9C5 /* CacheManager.swift in Sources */ = {isa = PBXBuildFile; fileRef = CC5587926756100F8666AAA8 /* CacheManager.swift */; };
		63AA7206AA2DB304430DC470 /* FriendsImporterTests.swift in Sources */ = {isa = PBXBuildFile; fileRef = 7C649EA996DC75DA530AB6E1 /* FriendsImporterTests.swift */; };
		64953255D6E3917D09643F11 /* EmptyStateView.swift in Sources */ = {isa = PBXBuildFile; fileRef = E3E116C6835654F9B2520C2A /* EmptyStateView.swift */; };
		64A1FE783FF0E95A47106D74 /* OnboardingView.swift in Sources */ = {isa = PBXBuildFile; fileRef = EA95D8560225422135D2FE41 /* OnboardingView.swift */; };
		6A41DCCD852AF691372413D8 /* LastFMClientTests.swift in Sources */ = {isa = PBXBuildFile; fileRef = 78352EDE866529AB59B2A5AD /* LastFMClientTests.swift */; };
		6E603D081E6C7BA6D141092E /* AlbumDetailView.swift in Sources */ = {isa = PBXBuildFile; fileRef = F525C206B45976A213075204 /* AlbumDetailView.swift */; };
		736CF7D501FC7A910EC4D3E4 /* ColorExtraction.swift in Sources */ = {isa = PBXBuildFile; fileRef = DBD99C4C3347938E3B6B5D74 /* ColorExtraction.swift */; };
		785D22E4EFCB74F4E524964B /* WeeklyAlbumLoader.swift in Sources */ = {isa = PBXBuildFile; fileRef = C35D4733F51B3CACC6A679C1 /* WeeklyAlbumLoader.swift */; };
		7DFC31279C41E3AC004FFEA0 /* AnimatedLoadingIndicator.swift in Sources */ = {isa = PBXBuildFile; fileRef = 824994C100455863CEAC27A1 /* AnimatedLoadingIndicator.swift */; };
		808B7C443A13B242F689460A /* Album.swift in Sources */ = {isa = PBXBuildFile; fileRef = D179D6B028859C27F293B752 /* Album.swift */; };
		8B99C803924AEDF4879A9071 /* Color+Vinylogue.swift in Sources */ = {isa = PBXBuildFile; fileRef = 3D94ADA74FE090C49ED3CFA6 /* Color+Vinylogue.swift */; };
		8F3135D6D612FFC7E5F1816D /* ImagePipeline+Vinylogue.swift in Sources */ = {isa = PBXBuildFile; fileRef = 229E5912519929D5165F78D6 /* ImagePipeline+Vinylogue.swift */; };
		939ADAE53F231DFD5366FCD0 /* Calendar+WeekCalculations.swift in Sources */ = {isa = PBXBuildFile; fileRef = 941884892ADC0CF5CFA3FE3C /* Calendar+WeekCalculations.swift */; };
		A1797BB9D2468DA37A5625AF /* User.swift in Sources */ = {isa = PBXBuildFile; fileRef = 8C2C4039B041882C67613842 /* User.swift */; };
		A1BE3087E8DB6768FF2CD935 /* WeeklyAlbumLoaderTests.swift in Sources */ = {isa = PBXBuildFile; fileRef = D6AC920B7F52AF9107BBF620 /* WeeklyAlbumLoaderTests.swift */; };
		A604B4BC7DD6B80002A1D58A /* Nuke in Frameworks */ = {isa = PBXBuildFile; productRef = 51CB558AF1F5FF422CE975FF /* Nuke */; };
		A9062E48AA5E776B8C70ACD9 /* Preview Assets.xcassets in Resources */ = {isa = PBXBuildFile; fileRef = B3DDB301C2D59DC8E597CAA6 /* Preview Assets.xcassets */; };
		B6F4C8EF591F01AC10A2E2C3 /* ColorExtractionTests.swift in Sources */ = {isa = PBXBuildFile; fileRef = B7CEB50014FEA3665EB062F5 /* ColorExtractionTests.swift */; };
		BB331787659199DD4C834776 /* ErrorStateView.swift in Sources */ = {isa = PBXBuildFile; fileRef = 3ADEEE4964731E948A556161 /* ErrorStateView.swift */; };
		BDCC721C37900C6313FBBC6E /* WeeklyChart.swift in Sources */ = {isa = PBXBuildFile; fileRef = 9BBA051395B2F1CDC6232330 /* WeeklyChart.swift */; };
		BEFF2A0B7A8A4F030FCC2C27 /* ContentView.swift in Sources */ = {isa = PBXBuildFile; fileRef = DE558E9128DB9A867018AA1F /* ContentView.swift */; };
		C3D3E18185AB32273B837B7E /* UsersListView.swift in Sources */ = {isa = PBXBuildFile; fileRef = 7F035580BEB530F91763B554 /* UsersListView.swift */; };
		CB4BDF94480D1F1B5CDF2E5A /* EditFriendsView.swift in Sources */ = {isa = PBXBuildFile; fileRef = 18724C512AAB5F959701021B /* EditFriendsView.swift */; };
		E396A750FC17CA951C08DD21 /* Sharing in Frameworks */ = {isa = PBXBuildFile; productRef = B0D78D9D36F23A3928EE8368 /* Sharing */; };
		EA2920FFF857C2EB16F37816 /* SectionHeaderView.swift in Sources */ = {isa = PBXBuildFile; fileRef = 01C86A0EC162997FB14DE6C8 /* SectionHeaderView.swift */; };
		F16C5956AD579642DAE259E5 /* CacheManagerTests.swift in Sources */ = {isa = PBXBuildFile; fileRef = A935600D4241C39F4972F9B7 /* CacheManagerTests.swift */; };
		F51E1C28395A5C5CA223C7A8 /* SettingsSheet.swift in Sources */ = {isa = PBXBuildFile; fileRef = 74186B195551DD3AD1407172 /* SettingsSheet.swift */; };
		FFF6FDAD0F9AB75E05A4A65F /* Dependencies in Frameworks */ = {isa = PBXBuildFile; productRef = 981758FEB9D5A2C37FA571F7 /* Dependencies */; };
/* End PBXBuildFile section */

/* Begin PBXContainerItemProxy section */
		5D7AF65D27DA2CDF4B19EA3E /* PBXContainerItemProxy */ = {
			isa = PBXContainerItemProxy;
			containerPortal = ED341E05211FAFE0EC43AE1B /* Project object */;
			proxyType = 1;
			remoteGlobalIDString = 130E284405C187DF086D20A1;
			remoteInfo = Vinylogue;
		};
/* End PBXContainerItemProxy section */

/* Begin PBXFileReference section */
		01C86A0EC162997FB14DE6C8 /* SectionHeaderView.swift */ = {isa = PBXFileReference; lastKnownFileType = sourcecode.swift; path = SectionHeaderView.swift; sourceTree = "<group>"; };
		14E56759C070D9789838E509 /* RootView.swift */ = {isa = PBXFileReference; lastKnownFileType = sourcecode.swift; path = RootView.swift; sourceTree = "<group>"; };
		18724C512AAB5F959701021B /* EditFriendsView.swift */ = {isa = PBXFileReference; lastKnownFileType = sourcecode.swift; path = EditFriendsView.swift; sourceTree = "<group>"; };
		1A736EE668C40676A2896B69 /* LastFMClient.swift */ = {isa = PBXFileReference; lastKnownFileType = sourcecode.swift; path = LastFMClient.swift; sourceTree = "<group>"; };
		229E5912519929D5165F78D6 /* ImagePipeline+Vinylogue.swift */ = {isa = PBXFileReference; lastKnownFileType = sourcecode.swift; path = "ImagePipeline+Vinylogue.swift"; sourceTree = "<group>"; };
		2459B22F6080B54FA09B5E5C /* Assets.xcassets */ = {isa = PBXFileReference; lastKnownFileType = folder.assetcatalog; path = Assets.xcassets; sourceTree = "<group>"; };
		27E42C84A715E517F4559088 /* WeeklyAlbumsView.swift */ = {isa = PBXFileReference; lastKnownFileType = sourcecode.swift; path = WeeklyAlbumsView.swift; sourceTree = "<group>"; };
		3ADEEE4964731E948A556161 /* ErrorStateView.swift */ = {isa = PBXFileReference; lastKnownFileType = sourcecode.swift; path = ErrorStateView.swift; sourceTree = "<group>"; };
		3D94ADA74FE090C49ED3CFA6 /* Color+Vinylogue.swift */ = {isa = PBXFileReference; lastKnownFileType = sourcecode.swift; path = "Color+Vinylogue.swift"; sourceTree = "<group>"; };
		3EE9DA06101640076F5973EA /* LegacyModels.swift */ = {isa = PBXFileReference; lastKnownFileType = sourcecode.swift; path = LegacyModels.swift; sourceTree = "<group>"; };
		56154FB563EA127014EA5AF3 /* Dependencies+Vinylogue.swift */ = {isa = PBXFileReference; lastKnownFileType = sourcecode.swift; path = "Dependencies+Vinylogue.swift"; sourceTree = "<group>"; };
		5FDA371FD0FA86EEF318A80E /* EquatableError.swift */ = {isa = PBXFileReference; lastKnownFileType = sourcecode.swift; path = EquatableError.swift; sourceTree = "<group>"; };
		61A2103491B1B740C03DDE8E /* FriendsImporter.swift */ = {isa = PBXFileReference; lastKnownFileType = sourcecode.swift; path = FriendsImporter.swift; sourceTree = "<group>"; };
		667A465E6F93C53ED5622FFF /* VinylogueTests.xctest */ = {isa = PBXFileReference; includeInIndex = 0; lastKnownFileType = wrapper.cfbundle; path = VinylogueTests.xctest; sourceTree = BUILT_PRODUCTS_DIR; };
		6AF18C5C82ECDA87AD06AA7D /* LegacyMigrator.swift */ = {isa = PBXFileReference; lastKnownFileType = sourcecode.swift; path = LegacyMigrator.swift; sourceTree = "<group>"; };
		6EA8FFE857D686B398490A7C /* LegacyMigratorTests.swift */ = {isa = PBXFileReference; lastKnownFileType = sourcecode.swift; path = LegacyMigratorTests.swift; sourceTree = "<group>"; };
		705D26434CDB654DACBBA5F6 /* Environment+Keys.swift */ = {isa = PBXFileReference; lastKnownFileType = sourcecode.swift; path = "Environment+Keys.swift"; sourceTree = "<group>"; };
		74186B195551DD3AD1407172 /* SettingsSheet.swift */ = {isa = PBXFileReference; lastKnownFileType = sourcecode.swift; path = SettingsSheet.swift; sourceTree = "<group>"; };
		74CD2D864124E180A45B91E3 /* Vinylogue.app */ = {isa = PBXFileReference; includeInIndex = 0; lastKnownFileType = wrapper.application; path = Vinylogue.app; sourceTree = BUILT_PRODUCTS_DIR; };
		78352EDE866529AB59B2A5AD /* LastFMClientTests.swift */ = {isa = PBXFileReference; lastKnownFileType = sourcecode.swift; path = LastFMClientTests.swift; sourceTree = "<group>"; };
		7C649EA996DC75DA530AB6E1 /* FriendsImporterTests.swift */ = {isa = PBXFileReference; lastKnownFileType = sourcecode.swift; path = FriendsImporterTests.swift; sourceTree = "<group>"; };
		7F035580BEB530F91763B554 /* UsersListView.swift */ = {isa = PBXFileReference; lastKnownFileType = sourcecode.swift; path = UsersListView.swift; sourceTree = "<group>"; };
		824994C100455863CEAC27A1 /* AnimatedLoadingIndicator.swift */ = {isa = PBXFileReference; lastKnownFileType = sourcecode.swift; path = AnimatedLoadingIndicator.swift; sourceTree = "<group>"; };
		8C2C4039B041882C67613842 /* User.swift */ = {isa = PBXFileReference; lastKnownFileType = sourcecode.swift; path = User.swift; sourceTree = "<group>"; };
		918077500BAC67836FBF270A /* LastFMResponses.swift */ = {isa = PBXFileReference; lastKnownFileType = sourcecode.swift; path = LastFMResponses.swift; sourceTree = "<group>"; };
		93EBBF8305D3E51421F7E7F4 /* AlbumRowView.swift */ = {isa = PBXFileReference; lastKnownFileType = sourcecode.swift; path = AlbumRowView.swift; sourceTree = "<group>"; };
		941884892ADC0CF5CFA3FE3C /* Calendar+WeekCalculations.swift */ = {isa = PBXFileReference; lastKnownFileType = sourcecode.swift; path = "Calendar+WeekCalculations.swift"; sourceTree = "<group>"; };
		9BBA051395B2F1CDC6232330 /* WeeklyChart.swift */ = {isa = PBXFileReference; lastKnownFileType = sourcecode.swift; path = WeeklyChart.swift; sourceTree = "<group>"; };
		A935600D4241C39F4972F9B7 /* CacheManagerTests.swift */ = {isa = PBXFileReference; lastKnownFileType = sourcecode.swift; path = CacheManagerTests.swift; sourceTree = "<group>"; };
		B3DDB301C2D59DC8E597CAA6 /* Preview Assets.xcassets */ = {isa = PBXFileReference; lastKnownFileType = folder.assetcatalog; path = "Preview Assets.xcassets"; sourceTree = "<group>"; };
		B7CEB50014FEA3665EB062F5 /* ColorExtractionTests.swift */ = {isa = PBXFileReference; lastKnownFileType = sourcecode.swift; path = ColorExtractionTests.swift; sourceTree = "<group>"; };
		C35D4733F51B3CACC6A679C1 /* WeeklyAlbumLoader.swift */ = {isa = PBXFileReference; lastKnownFileType = sourcecode.swift; path = WeeklyAlbumLoader.swift; sourceTree = "<group>"; };
		CC5587926756100F8666AAA8 /* CacheManager.swift */ = {isa = PBXFileReference; lastKnownFileType = sourcecode.swift; path = CacheManager.swift; sourceTree = "<group>"; };
		D179D6B028859C27F293B752 /* Album.swift */ = {isa = PBXFileReference; lastKnownFileType = sourcecode.swift; path = Album.swift; sourceTree = "<group>"; };
		D69DA986080E9218D89262C1 /* VinylogueApp.swift */ = {isa = PBXFileReference; lastKnownFileType = sourcecode.swift; path = VinylogueApp.swift; sourceTree = "<group>"; };
		D6AC920B7F52AF9107BBF620 /* WeeklyAlbumLoaderTests.swift */ = {isa = PBXFileReference; lastKnownFileType = sourcecode.swift; path = WeeklyAlbumLoaderTests.swift; sourceTree = "<group>"; };
		DBD99C4C3347938E3B6B5D74 /* ColorExtraction.swift */ = {isa = PBXFileReference; lastKnownFileType = sourcecode.swift; path = ColorExtraction.swift; sourceTree = "<group>"; };
		DE558E9128DB9A867018AA1F /* ContentView.swift */ = {isa = PBXFileReference; lastKnownFileType = sourcecode.swift; path = ContentView.swift; sourceTree = "<group>"; };
		E3E116C6835654F9B2520C2A /* EmptyStateView.swift */ = {isa = PBXFileReference; lastKnownFileType = sourcecode.swift; path = EmptyStateView.swift; sourceTree = "<group>"; };
		EA95D8560225422135D2FE41 /* OnboardingView.swift */ = {isa = PBXFileReference; lastKnownFileType = sourcecode.swift; path = OnboardingView.swift; sourceTree = "<group>"; };
		F0B88E9576F5D832F788592A /* SharedKeys.swift */ = {isa = PBXFileReference; lastKnownFileType = sourcecode.swift; path = SharedKeys.swift; sourceTree = "<group>"; };
		F525C206B45976A213075204 /* AlbumDetailView.swift */ = {isa = PBXFileReference; lastKnownFileType = sourcecode.swift; path = AlbumDetailView.swift; sourceTree = "<group>"; };
		FD7AE9D64A2CA43F4F5B55E2 /* Secrets.swift */ = {isa = PBXFileReference; lastKnownFileType = sourcecode.swift; path = Secrets.swift; sourceTree = "<group>"; };
/* End PBXFileReference section */

/* Begin PBXFrameworksBuildPhase section */
		67266FD1622A80374EE519CE /* Frameworks */ = {
			isa = PBXFrameworksBuildPhase;
			buildActionMask = 2147483647;
			files = (
				A604B4BC7DD6B80002A1D58A /* Nuke in Frameworks */,
				00B39DBA804826E5E9353332 /* NukeUI in Frameworks */,
				E396A750FC17CA951C08DD21 /* Sharing in Frameworks */,
				FFF6FDAD0F9AB75E05A4A65F /* Dependencies in Frameworks */,
			);
			runOnlyForDeploymentPostprocessing = 0;
		};
/* End PBXFrameworksBuildPhase section */

/* Begin PBXGroup section */
		1C9984247BA068703842241F /* Products */ = {
			isa = PBXGroup;
			children = (
				74CD2D864124E180A45B91E3 /* Vinylogue.app */,
				667A465E6F93C53ED5622FFF /* VinylogueTests.xctest */,
			);
			name = Products;
			sourceTree = "<group>";
		};
		47D5D771173F9355E1AF6F00 /* Services */ = {
			isa = PBXGroup;
			children = (
				CC5587926756100F8666AAA8 /* CacheManager.swift */,
				61A2103491B1B740C03DDE8E /* FriendsImporter.swift */,
				1A736EE668C40676A2896B69 /* LastFMClient.swift */,
				6AF18C5C82ECDA87AD06AA7D /* LegacyMigrator.swift */,
				FD7AE9D64A2CA43F4F5B55E2 /* Secrets.swift */,
				C35D4733F51B3CACC6A679C1 /* WeeklyAlbumLoader.swift */,
			);
			path = Services;
			sourceTree = "<group>";
		};
		6D9AF07980CD95BCE201BFBD /* Utilities */ = {
			isa = PBXGroup;
			children = (
				DBD99C4C3347938E3B6B5D74 /* ColorExtraction.swift */,
				5FDA371FD0FA86EEF318A80E /* EquatableError.swift */,
			);
			path = Utilities;
			sourceTree = "<group>";
		};
		8B086034E09A923B47C71F3A /* Views */ = {
			isa = PBXGroup;
			children = (
				F525C206B45976A213075204 /* AlbumDetailView.swift */,
				93EBBF8305D3E51421F7E7F4 /* AlbumRowView.swift */,
				824994C100455863CEAC27A1 /* AnimatedLoadingIndicator.swift */,
				18724C512AAB5F959701021B /* EditFriendsView.swift */,
				EA95D8560225422135D2FE41 /* OnboardingView.swift */,
				14E56759C070D9789838E509 /* RootView.swift */,
				74186B195551DD3AD1407172 /* SettingsSheet.swift */,
				7F035580BEB530F91763B554 /* UsersListView.swift */,
				27E42C84A715E517F4559088 /* WeeklyAlbumsView.swift */,
				A9ADDE0052BD7562BFA53067 /* Helpers */,
			);
			path = Views;
			sourceTree = "<group>";
		};
		A93FA7E77CC864639358B6C5 /* Models */ = {
			isa = PBXGroup;
			children = (
				D179D6B028859C27F293B752 /* Album.swift */,
				918077500BAC67836FBF270A /* LastFMResponses.swift */,
				3EE9DA06101640076F5973EA /* LegacyModels.swift */,
				8C2C4039B041882C67613842 /* User.swift */,
				9BBA051395B2F1CDC6232330 /* WeeklyChart.swift */,
			);
			path = Models;
			sourceTree = "<group>";
		};
		A9ADDE0052BD7562BFA53067 /* Helpers */ = {
			isa = PBXGroup;
			children = (
				E3E116C6835654F9B2520C2A /* EmptyStateView.swift */,
				3ADEEE4964731E948A556161 /* ErrorStateView.swift */,
			);
			path = Helpers;
			sourceTree = "<group>";
		};
		B003EF4BF97ADE725E29DC02 /* Preview Content */ = {
			isa = PBXGroup;
			children = (
				B3DDB301C2D59DC8E597CAA6 /* Preview Assets.xcassets */,
			);
			path = "Preview Content";
			sourceTree = "<group>";
		};
		B1826081BBBD3E82AD791792 /* VinylogueTests */ = {
			isa = PBXGroup;
			children = (
				A935600D4241C39F4972F9B7 /* CacheManagerTests.swift */,
				B7CEB50014FEA3665EB062F5 /* ColorExtractionTests.swift */,
				7C649EA996DC75DA530AB6E1 /* FriendsImporterTests.swift */,
				78352EDE866529AB59B2A5AD /* LastFMClientTests.swift */,
				6EA8FFE857D686B398490A7C /* LegacyMigratorTests.swift */,
				D6AC920B7F52AF9107BBF620 /* WeeklyAlbumLoaderTests.swift */,
			);
			path = VinylogueTests;
			sourceTree = "<group>";
		};
		B2A1D12DE6D877B8EC65A040 /* Shared */ = {
			isa = PBXGroup;
			children = (
				F4E6BFC6D9A73CF70DE2B01C /* Extensions */,
				A93FA7E77CC864639358B6C5 /* Models */,
				47D5D771173F9355E1AF6F00 /* Services */,
				C926B747FB561647A45251AD /* Storage */,
				6D9AF07980CD95BCE201BFBD /* Utilities */,
				C4A791AED7B5CD1250DC0453 /* Views */,
			);
			path = Shared;
			sourceTree = "<group>";
		};
		C4A791AED7B5CD1250DC0453 /* Views */ = {
			isa = PBXGroup;
			children = (
				01C86A0EC162997FB14DE6C8 /* SectionHeaderView.swift */,
			);
			path = Views;
			sourceTree = "<group>";
		};
		C926B747FB561647A45251AD /* Storage */ = {
			isa = PBXGroup;
			children = (
				F0B88E9576F5D832F788592A /* SharedKeys.swift */,
			);
			path = Storage;
			sourceTree = "<group>";
		};
		E304281509B6F6D69E915585 = {
			isa = PBXGroup;
			children = (
				E75DC78AECDC4C93130E52A1 /* Vinylogue */,
				B1826081BBBD3E82AD791792 /* VinylogueTests */,
				1C9984247BA068703842241F /* Products */,
			);
			sourceTree = "<group>";
		};
		E75DC78AECDC4C93130E52A1 /* Vinylogue */ = {
			isa = PBXGroup;
			children = (
				2459B22F6080B54FA09B5E5C /* Assets.xcassets */,
				DE558E9128DB9A867018AA1F /* ContentView.swift */,
				D69DA986080E9218D89262C1 /* VinylogueApp.swift */,
				B003EF4BF97ADE725E29DC02 /* Preview Content */,
				B2A1D12DE6D877B8EC65A040 /* Shared */,
				8B086034E09A923B47C71F3A /* Views */,
			);
			path = Vinylogue;
			sourceTree = "<group>";
		};
		F4E6BFC6D9A73CF70DE2B01C /* Extensions */ = {
			isa = PBXGroup;
			children = (
				941884892ADC0CF5CFA3FE3C /* Calendar+WeekCalculations.swift */,
				3D94ADA74FE090C49ED3CFA6 /* Color+Vinylogue.swift */,
				56154FB563EA127014EA5AF3 /* Dependencies+Vinylogue.swift */,
				705D26434CDB654DACBBA5F6 /* Environment+Keys.swift */,
				229E5912519929D5165F78D6 /* ImagePipeline+Vinylogue.swift */,
			);
			path = Extensions;
			sourceTree = "<group>";
		};
		"TEMP_138303B1-772A-47D6-A1AF-0380C4EC5E02" /* Features */ = {
			isa = PBXGroup;
			children = (
			);
			path = Features;
			sourceTree = "<group>";
		};
/* End PBXGroup section */

/* Begin PBXNativeTarget section */
		130E284405C187DF086D20A1 /* Vinylogue */ = {
			isa = PBXNativeTarget;
			buildConfigurationList = 6ED8E64A28935DB97C0E6840 /* Build configuration list for PBXNativeTarget "Vinylogue" */;
			buildPhases = (
				9ACC666C86A34ED581446A38 /* Sources */,
				615BECE3FB3417A1248A4C34 /* Resources */,
				67266FD1622A80374EE519CE /* Frameworks */,
			);
			buildRules = (
			);
			dependencies = (
			);
			name = Vinylogue;
			packageProductDependencies = (
				51CB558AF1F5FF422CE975FF /* Nuke */,
				EB3BBA0B2FD4CD346C4CC0A7 /* NukeUI */,
				B0D78D9D36F23A3928EE8368 /* Sharing */,
				981758FEB9D5A2C37FA571F7 /* Dependencies */,
			);
			productName = Vinylogue;
			productReference = 74CD2D864124E180A45B91E3 /* Vinylogue.app */;
			productType = "com.apple.product-type.application";
		};
		1745DB35E0B0F59AF57E4FEC /* VinylogueTests */ = {
			isa = PBXNativeTarget;
			buildConfigurationList = CFC0BD19CB30E328D21F9852 /* Build configuration list for PBXNativeTarget "VinylogueTests" */;
			buildPhases = (
				B8A0E3F8CC372E2358F86FD2 /* Sources */,
			);
			buildRules = (
			);
			dependencies = (
				B291B26FC46D0016599F0DE3 /* PBXTargetDependency */,
			);
			name = VinylogueTests;
			packageProductDependencies = (
			);
			productName = VinylogueTests;
			productReference = 667A465E6F93C53ED5622FFF /* VinylogueTests.xctest */;
			productType = "com.apple.product-type.bundle.unit-test";
		};
/* End PBXNativeTarget section */

/* Begin PBXProject section */
		ED341E05211FAFE0EC43AE1B /* Project object */ = {
			isa = PBXProject;
			attributes = {
				BuildIndependentTargetsInParallel = YES;
				LastUpgradeCheck = 1540;
				TargetAttributes = {
					130E284405C187DF086D20A1 = {
						ProvisioningStyle = Automatic;
					};
				};
			};
			buildConfigurationList = BFDBD8C5A6A7FCC6C4E75B0D /* Build configuration list for PBXProject "Vinylogue" */;
			compatibilityVersion = "Xcode 14.0";
			developmentRegion = en;
			hasScannedForEncodings = 0;
			knownRegions = (
				Base,
				en,
			);
			mainGroup = E304281509B6F6D69E915585;
			minimizedProjectReferenceProxies = 1;
			packageReferences = (
				B6EC3D14A53D5938A9187F06 /* XCRemoteSwiftPackageReference "swift-dependencies" */,
				3866EAA516F770881ABF4A03 /* XCRemoteSwiftPackageReference "Nuke" */,
				A9EB0DA07C985D5B67455282 /* XCRemoteSwiftPackageReference "swift-sharing" */,
			);
			preferredProjectObjectVersion = 54;
			projectDirPath = "";
			projectRoot = "";
			targets = (
				130E284405C187DF086D20A1 /* Vinylogue */,
				1745DB35E0B0F59AF57E4FEC /* VinylogueTests */,
			);
		};
/* End PBXProject section */

/* Begin PBXResourcesBuildPhase section */
		615BECE3FB3417A1248A4C34 /* Resources */ = {
			isa = PBXResourcesBuildPhase;
			buildActionMask = 2147483647;
			files = (
				1828F284CCFA8305FD52BCD1 /* Assets.xcassets in Resources */,
				A9062E48AA5E776B8C70ACD9 /* Preview Assets.xcassets in Resources */,
			);
			runOnlyForDeploymentPostprocessing = 0;
		};
/* End PBXResourcesBuildPhase section */

/* Begin PBXSourcesBuildPhase section */
		9ACC666C86A34ED581446A38 /* Sources */ = {
			isa = PBXSourcesBuildPhase;
			buildActionMask = 2147483647;
			files = (
				808B7C443A13B242F689460A /* Album.swift in Sources */,
				6E603D081E6C7BA6D141092E /* AlbumDetailView.swift in Sources */,
				3696F3C7897F6282FE680D3C /* AlbumRowView.swift in Sources */,
				7DFC31279C41E3AC004FFEA0 /* AnimatedLoadingIndicator.swift in Sources */,
				5C55BCE44E722DBC01E2E9C5 /* CacheManager.swift in Sources */,
				939ADAE53F231DFD5366FCD0 /* Calendar+WeekCalculations.swift in Sources */,
				8B99C803924AEDF4879A9071 /* Color+Vinylogue.swift in Sources */,
				736CF7D501FC7A910EC4D3E4 /* ColorExtraction.swift in Sources */,
				BEFF2A0B7A8A4F030FCC2C27 /* ContentView.swift in Sources */,
				153B304063EB9C5A4A111217 /* Dependencies+Vinylogue.swift in Sources */,
				CB4BDF94480D1F1B5CDF2E5A /* EditFriendsView.swift in Sources */,
				64953255D6E3917D09643F11 /* EmptyStateView.swift in Sources */,
				05E3A5A51071DE5E7E2AA534 /* Environment+Keys.swift in Sources */,
				42679B382ED2C4B9FD34FA24 /* EquatableError.swift in Sources */,
				BB331787659199DD4C834776 /* ErrorStateView.swift in Sources */,
				257C55D32BCB823030662851 /* FriendsImporter.swift in Sources */,
				8F3135D6D612FFC7E5F1816D /* ImagePipeline+Vinylogue.swift in Sources */,
				30EB596AB2DF86962C194119 /* LastFMClient.swift in Sources */,
				46B2E850C5719DBFDEC3EEDF /* LastFMResponses.swift in Sources */,
				2779D4B3C8725F5B776FE101 /* LegacyMigrator.swift in Sources */,
				1237B5A3BDAFAF1FB0E21902 /* LegacyModels.swift in Sources */,
				64A1FE783FF0E95A47106D74 /* OnboardingView.swift in Sources */,
				0CD455DE58200990F340A629 /* RootView.swift in Sources */,
				239735FA5611B57BA112AAEF /* Secrets.swift in Sources */,
				EA2920FFF857C2EB16F37816 /* SectionHeaderView.swift in Sources */,
				F51E1C28395A5C5CA223C7A8 /* SettingsSheet.swift in Sources */,
				3CA448D2A78D6963CCF9050A /* SharedKeys.swift in Sources */,
				A1797BB9D2468DA37A5625AF /* User.swift in Sources */,
				C3D3E18185AB32273B837B7E /* UsersListView.swift in Sources */,
				1D99671C2FE734CB6A614841 /* VinylogueApp.swift in Sources */,
				785D22E4EFCB74F4E524964B /* WeeklyAlbumLoader.swift in Sources */,
				384B05213BDBA789F84FDF15 /* WeeklyAlbumsView.swift in Sources */,
				BDCC721C37900C6313FBBC6E /* WeeklyChart.swift in Sources */,
			);
			runOnlyForDeploymentPostprocessing = 0;
		};
		B8A0E3F8CC372E2358F86FD2 /* Sources */ = {
			isa = PBXSourcesBuildPhase;
			buildActionMask = 2147483647;
			files = (
				F16C5956AD579642DAE259E5 /* CacheManagerTests.swift in Sources */,
				B6F4C8EF591F01AC10A2E2C3 /* ColorExtractionTests.swift in Sources */,
				63AA7206AA2DB304430DC470 /* FriendsImporterTests.swift in Sources */,
				6A41DCCD852AF691372413D8 /* LastFMClientTests.swift in Sources */,
				3E45E994F561A62D33C41C83 /* LegacyMigratorTests.swift in Sources */,
				A1BE3087E8DB6768FF2CD935 /* WeeklyAlbumLoaderTests.swift in Sources */,
			);
			runOnlyForDeploymentPostprocessing = 0;
		};
/* End PBXSourcesBuildPhase section */

/* Begin PBXTargetDependency section */
		B291B26FC46D0016599F0DE3 /* PBXTargetDependency */ = {
			isa = PBXTargetDependency;
			target = 130E284405C187DF086D20A1 /* Vinylogue */;
			targetProxy = 5D7AF65D27DA2CDF4B19EA3E /* PBXContainerItemProxy */;
		};
/* End PBXTargetDependency section */

/* Begin XCBuildConfiguration section */
		2F0380C708B4384A3455980C /* Debug */ = {
			isa = XCBuildConfiguration;
			buildSettings = {
				ASSETCATALOG_COMPILER_APPICON_NAME = AppIcon;
				ASSETCATALOG_COMPILER_GLOBAL_ACCENT_COLOR_NAME = AccentColor;
				CODE_SIGN_IDENTITY = "iPhone Developer";
				CODE_SIGN_STYLE = Automatic;
				DEVELOPMENT_ASSET_PATHS = "\"Vinylogue/Preview Content\"";
				LD_RUNPATH_SEARCH_PATHS = (
					"$(inherited)",
					"@executable_path/Frameworks",
				);
				PRODUCT_BUNDLE_IDENTIFIER = com.twocentstudios.vinylogue;
				SDKROOT = iphoneos;
				TARGETED_DEVICE_FAMILY = "1,2";
			};
			name = Debug;
		};
		48A633AE0A4654F4ECCA24B1 /* Release */ = {
			isa = XCBuildConfiguration;
			buildSettings = {
				BUNDLE_LOADER = "$(TEST_HOST)";
				LD_RUNPATH_SEARCH_PATHS = (
					"$(inherited)",
					"@executable_path/Frameworks",
					"@loader_path/Frameworks",
				);
				PRODUCT_BUNDLE_IDENTIFIER = com.twocentstudios.VinylogueTests;
				SDKROOT = iphoneos;
				TARGETED_DEVICE_FAMILY = "1,2";
				TEST_HOST = "$(BUILT_PRODUCTS_DIR)/Vinylogue.app/Vinylogue";
			};
			name = Release;
		};
		572DEAAA5B492E4CA02EA83E /* Debug */ = {
			isa = XCBuildConfiguration;
			buildSettings = {
				ALWAYS_SEARCH_USER_PATHS = NO;
				CLANG_ANALYZER_NONNULL = YES;
				CLANG_ANALYZER_NUMBER_OBJECT_CONVERSION = YES_AGGRESSIVE;
				CLANG_CXX_LANGUAGE_STANDARD = "gnu++14";
				CLANG_CXX_LIBRARY = "libc++";
				CLANG_ENABLE_MODULES = YES;
				CLANG_ENABLE_OBJC_ARC = YES;
				CLANG_ENABLE_OBJC_WEAK = YES;
				CLANG_WARN_BLOCK_CAPTURE_AUTORELEASING = YES;
				CLANG_WARN_BOOL_CONVERSION = YES;
				CLANG_WARN_COMMA = YES;
				CLANG_WARN_CONSTANT_CONVERSION = YES;
				CLANG_WARN_DEPRECATED_OBJC_IMPLEMENTATIONS = YES;
				CLANG_WARN_DIRECT_OBJC_ISA_USAGE = YES_ERROR;
				CLANG_WARN_DOCUMENTATION_COMMENTS = YES;
				CLANG_WARN_EMPTY_BODY = YES;
				CLANG_WARN_ENUM_CONVERSION = YES;
				CLANG_WARN_INFINITE_RECURSION = YES;
				CLANG_WARN_INT_CONVERSION = YES;
				CLANG_WARN_NON_LITERAL_NULL_CONVERSION = YES;
				CLANG_WARN_OBJC_IMPLICIT_RETAIN_SELF = YES;
				CLANG_WARN_OBJC_LITERAL_CONVERSION = YES;
				CLANG_WARN_OBJC_ROOT_CLASS = YES_ERROR;
				CLANG_WARN_QUOTED_INCLUDE_IN_FRAMEWORK_HEADER = YES;
				CLANG_WARN_RANGE_LOOP_ANALYSIS = YES;
				CLANG_WARN_STRICT_PROTOTYPES = YES;
				CLANG_WARN_SUSPICIOUS_MOVE = YES;
				CLANG_WARN_UNGUARDED_AVAILABILITY = YES_AGGRESSIVE;
				CLANG_WARN_UNREACHABLE_CODE = YES;
				CLANG_WARN__DUPLICATE_METHOD_MATCH = YES;
				COPY_PHASE_STRIP = NO;
				CURRENT_PROJECT_VERSION = 1;
				DEBUG_INFORMATION_FORMAT = dwarf;
				ENABLE_PREVIEWS = YES;
				ENABLE_STRICT_OBJC_MSGSEND = YES;
				ENABLE_TESTABILITY = YES;
				GCC_C_LANGUAGE_STANDARD = gnu11;
				GCC_DYNAMIC_NO_PIC = NO;
				GCC_NO_COMMON_BLOCKS = YES;
				GCC_OPTIMIZATION_LEVEL = 0;
				GCC_PREPROCESSOR_DEFINITIONS = (
					"$(inherited)",
					"DEBUG=1",
				);
				GCC_WARN_64_TO_32_BIT_CONVERSION = YES;
				GCC_WARN_ABOUT_RETURN_TYPE = YES_ERROR;
				GCC_WARN_UNDECLARED_SELECTOR = YES;
				GCC_WARN_UNINITIALIZED_AUTOS = YES_AGGRESSIVE;
				GCC_WARN_UNUSED_FUNCTION = YES;
				GCC_WARN_UNUSED_VARIABLE = YES;
				GENERATE_INFOPLIST_FILE = YES;
				INFOPLIST_KEY_UIApplicationSceneManifest_Generation = YES;
				INFOPLIST_KEY_UIApplicationSupportsIndirectInputEvents = YES;
				INFOPLIST_KEY_UILaunchScreen_Generation = YES;
				INFOPLIST_KEY_UISupportedInterfaceOrientations_iPad = "UIInterfaceOrientationPortrait UIInterfaceOrientationPortraitUpsideDown UIInterfaceOrientationLandscapeLeft UIInterfaceOrientationLandscapeRight";
				INFOPLIST_KEY_UISupportedInterfaceOrientations_iPhone = "UIInterfaceOrientationPortrait UIInterfaceOrientationLandscapeLeft UIInterfaceOrientationLandscapeRight";
				IPHONEOS_DEPLOYMENT_TARGET = 18.0;
				MARKETING_VERSION = 2.0;
				MTL_ENABLE_DEBUG_INFO = INCLUDE_SOURCE;
				MTL_FAST_MATH = YES;
				ONLY_ACTIVE_ARCH = YES;
				PRODUCT_NAME = "$(TARGET_NAME)";
				SDKROOT = iphoneos;
				SWIFT_ACTIVE_COMPILATION_CONDITIONS = DEBUG;
				SWIFT_OPTIMIZATION_LEVEL = "-Onone";
				SWIFT_STRICT_CONCURRENCY = complete;
				SWIFT_VERSION = 6.0;
			};
			name = Debug;
		};
		666EDB8CD91D7D3BC80A3E16 /* Debug */ = {
			isa = XCBuildConfiguration;
			buildSettings = {
				BUNDLE_LOADER = "$(TEST_HOST)";
				LD_RUNPATH_SEARCH_PATHS = (
					"$(inherited)",
					"@executable_path/Frameworks",
					"@loader_path/Frameworks",
				);
				PRODUCT_BUNDLE_IDENTIFIER = com.twocentstudios.VinylogueTests;
				SDKROOT = iphoneos;
				TARGETED_DEVICE_FAMILY = "1,2";
				TEST_HOST = "$(BUILT_PRODUCTS_DIR)/Vinylogue.app/Vinylogue";
			};
			name = Debug;
		};
		8B7520F40D86A7BC12202100 /* Release */ = {
			isa = XCBuildConfiguration;
			buildSettings = {
				ALWAYS_SEARCH_USER_PATHS = NO;
				CLANG_ANALYZER_NONNULL = YES;
				CLANG_ANALYZER_NUMBER_OBJECT_CONVERSION = YES_AGGRESSIVE;
				CLANG_CXX_LANGUAGE_STANDARD = "gnu++14";
				CLANG_CXX_LIBRARY = "libc++";
				CLANG_ENABLE_MODULES = YES;
				CLANG_ENABLE_OBJC_ARC = YES;
				CLANG_ENABLE_OBJC_WEAK = YES;
				CLANG_WARN_BLOCK_CAPTURE_AUTORELEASING = YES;
				CLANG_WARN_BOOL_CONVERSION = YES;
				CLANG_WARN_COMMA = YES;
				CLANG_WARN_CONSTANT_CONVERSION = YES;
				CLANG_WARN_DEPRECATED_OBJC_IMPLEMENTATIONS = YES;
				CLANG_WARN_DIRECT_OBJC_ISA_USAGE = YES_ERROR;
				CLANG_WARN_DOCUMENTATION_COMMENTS = YES;
				CLANG_WARN_EMPTY_BODY = YES;
				CLANG_WARN_ENUM_CONVERSION = YES;
				CLANG_WARN_INFINITE_RECURSION = YES;
				CLANG_WARN_INT_CONVERSION = YES;
				CLANG_WARN_NON_LITERAL_NULL_CONVERSION = YES;
				CLANG_WARN_OBJC_IMPLICIT_RETAIN_SELF = YES;
				CLANG_WARN_OBJC_LITERAL_CONVERSION = YES;
				CLANG_WARN_OBJC_ROOT_CLASS = YES_ERROR;
				CLANG_WARN_QUOTED_INCLUDE_IN_FRAMEWORK_HEADER = YES;
				CLANG_WARN_RANGE_LOOP_ANALYSIS = YES;
				CLANG_WARN_STRICT_PROTOTYPES = YES;
				CLANG_WARN_SUSPICIOUS_MOVE = YES;
				CLANG_WARN_UNGUARDED_AVAILABILITY = YES_AGGRESSIVE;
				CLANG_WARN_UNREACHABLE_CODE = YES;
				CLANG_WARN__DUPLICATE_METHOD_MATCH = YES;
				COPY_PHASE_STRIP = NO;
				CURRENT_PROJECT_VERSION = 1;
				DEBUG_INFORMATION_FORMAT = "dwarf-with-dsym";
				ENABLE_NS_ASSERTIONS = NO;
				ENABLE_PREVIEWS = YES;
				ENABLE_STRICT_OBJC_MSGSEND = YES;
				GCC_C_LANGUAGE_STANDARD = gnu11;
				GCC_NO_COMMON_BLOCKS = YES;
				GCC_WARN_64_TO_32_BIT_CONVERSION = YES;
				GCC_WARN_ABOUT_RETURN_TYPE = YES_ERROR;
				GCC_WARN_UNDECLARED_SELECTOR = YES;
				GCC_WARN_UNINITIALIZED_AUTOS = YES_AGGRESSIVE;
				GCC_WARN_UNUSED_FUNCTION = YES;
				GCC_WARN_UNUSED_VARIABLE = YES;
				GENERATE_INFOPLIST_FILE = YES;
				INFOPLIST_KEY_UIApplicationSceneManifest_Generation = YES;
				INFOPLIST_KEY_UIApplicationSupportsIndirectInputEvents = YES;
				INFOPLIST_KEY_UILaunchScreen_Generation = YES;
				INFOPLIST_KEY_UISupportedInterfaceOrientations_iPad = "UIInterfaceOrientationPortrait UIInterfaceOrientationPortraitUpsideDown UIInterfaceOrientationLandscapeLeft UIInterfaceOrientationLandscapeRight";
				INFOPLIST_KEY_UISupportedInterfaceOrientations_iPhone = "UIInterfaceOrientationPortrait UIInterfaceOrientationLandscapeLeft UIInterfaceOrientationLandscapeRight";
				IPHONEOS_DEPLOYMENT_TARGET = 18.0;
				MARKETING_VERSION = 2.0;
				MTL_ENABLE_DEBUG_INFO = NO;
				MTL_FAST_MATH = YES;
				PRODUCT_NAME = "$(TARGET_NAME)";
				SDKROOT = iphoneos;
				SWIFT_COMPILATION_MODE = wholemodule;
				SWIFT_OPTIMIZATION_LEVEL = "-O";
				SWIFT_STRICT_CONCURRENCY = complete;
				SWIFT_VERSION = 6.0;
			};
			name = Release;
		};
		912B427460DDA47131CF789E /* Release */ = {
			isa = XCBuildConfiguration;
			buildSettings = {
				ASSETCATALOG_COMPILER_APPICON_NAME = AppIcon;
				ASSETCATALOG_COMPILER_GLOBAL_ACCENT_COLOR_NAME = AccentColor;
				CODE_SIGN_IDENTITY = "iPhone Developer";
				CODE_SIGN_STYLE = Automatic;
				DEVELOPMENT_ASSET_PATHS = "\"Vinylogue/Preview Content\"";
				LD_RUNPATH_SEARCH_PATHS = (
					"$(inherited)",
					"@executable_path/Frameworks",
				);
				PRODUCT_BUNDLE_IDENTIFIER = com.twocentstudios.vinylogue;
				SDKROOT = iphoneos;
				TARGETED_DEVICE_FAMILY = "1,2";
			};
			name = Release;
		};
/* End XCBuildConfiguration section */

/* Begin XCConfigurationList section */
		6ED8E64A28935DB97C0E6840 /* Build configuration list for PBXNativeTarget "Vinylogue" */ = {
			isa = XCConfigurationList;
			buildConfigurations = (
				2F0380C708B4384A3455980C /* Debug */,
				912B427460DDA47131CF789E /* Release */,
			);
			defaultConfigurationIsVisible = 0;
			defaultConfigurationName = Debug;
		};
		BFDBD8C5A6A7FCC6C4E75B0D /* Build configuration list for PBXProject "Vinylogue" */ = {
			isa = XCConfigurationList;
			buildConfigurations = (
				572DEAAA5B492E4CA02EA83E /* Debug */,
				8B7520F40D86A7BC12202100 /* Release */,
			);
			defaultConfigurationIsVisible = 0;
			defaultConfigurationName = Debug;
		};
		CFC0BD19CB30E328D21F9852 /* Build configuration list for PBXNativeTarget "VinylogueTests" */ = {
			isa = XCConfigurationList;
			buildConfigurations = (
				666EDB8CD91D7D3BC80A3E16 /* Debug */,
				48A633AE0A4654F4ECCA24B1 /* Release */,
			);
			defaultConfigurationIsVisible = 0;
			defaultConfigurationName = Debug;
		};
/* End XCConfigurationList section */

/* Begin XCRemoteSwiftPackageReference section */
		3866EAA516F770881ABF4A03 /* XCRemoteSwiftPackageReference "Nuke" */ = {
			isa = XCRemoteSwiftPackageReference;
			repositoryURL = "https://github.com/kean/Nuke";
			requirement = {
				kind = upToNextMajorVersion;
				minimumVersion = 12.8.0;
			};
		};
		A9EB0DA07C985D5B67455282 /* XCRemoteSwiftPackageReference "swift-sharing" */ = {
			isa = XCRemoteSwiftPackageReference;
			repositoryURL = "https://github.com/pointfreeco/swift-sharing";
			requirement = {
				kind = upToNextMajorVersion;
				minimumVersion = 1.0.0;
			};
		};
		B6EC3D14A53D5938A9187F06 /* XCRemoteSwiftPackageReference "swift-dependencies" */ = {
			isa = XCRemoteSwiftPackageReference;
			repositoryURL = "https://github.com/pointfreeco/swift-dependencies";
			requirement = {
				kind = upToNextMajorVersion;
				minimumVersion = 1.0.0;
			};
		};
/* End XCRemoteSwiftPackageReference section */

/* Begin XCSwiftPackageProductDependency section */
		51CB558AF1F5FF422CE975FF /* Nuke */ = {
			isa = XCSwiftPackageProductDependency;
			package = 3866EAA516F770881ABF4A03 /* XCRemoteSwiftPackageReference "Nuke" */;
			productName = Nuke;
		};
		981758FEB9D5A2C37FA571F7 /* Dependencies */ = {
			isa = XCSwiftPackageProductDependency;
			package = B6EC3D14A53D5938A9187F06 /* XCRemoteSwiftPackageReference "swift-dependencies" */;
			productName = Dependencies;
		};
		B0D78D9D36F23A3928EE8368 /* Sharing */ = {
			isa = XCSwiftPackageProductDependency;
			package = A9EB0DA07C985D5B67455282 /* XCRemoteSwiftPackageReference "swift-sharing" */;
			productName = Sharing;
		};
		EB3BBA0B2FD4CD346C4CC0A7 /* NukeUI */ = {
			isa = XCSwiftPackageProductDependency;
			package = 3866EAA516F770881ABF4A03 /* XCRemoteSwiftPackageReference "Nuke" */;
			productName = NukeUI;
		};
/* End XCSwiftPackageProductDependency section */
	};
	rootObject = ED341E05211FAFE0EC43AE1B /* Project object */;
}
