// !$*UTF8*$!
{
	archiveVersion = 1;
	classes = {
	};
	objectVersion = 46;
	objects = {

/* Begin PBXAggregateTarget section */
		343C0F2D16D1C94A0028A6FE /* Mogenerator */ = {
			isa = PBXAggregateTarget;
			buildConfigurationList = 343C0F2E16D1C94A0028A6FE /* Build configuration list for PBXAggregateTarget "Mogenerator" */;
			buildPhases = (
				343C0F3116D1C9500028A6FE /* ShellScript */,
			);
			dependencies = (
			);
			name = Mogenerator;
			productName = Mogenerator;
		};
/* End PBXAggregateTarget section */

/* Begin PBXBuildFile section */
		12A5FD52A4EF4225843E50E0 /* libPods.a in Frameworks */ = {isa = PBXBuildFile; fileRef = D7DEBAFFCE0A4706B44FA7D9 /* libPods.a */; };
		343C0EEB16D1C0270028A6FE /* UIKit.framework in Frameworks */ = {isa = PBXBuildFile; fileRef = 343C0EEA16D1C0270028A6FE /* UIKit.framework */; };
		343C0EED16D1C0270028A6FE /* Foundation.framework in Frameworks */ = {isa = PBXBuildFile; fileRef = 343C0EEC16D1C0270028A6FE /* Foundation.framework */; };
		343C0EEF16D1C0270028A6FE /* CoreGraphics.framework in Frameworks */ = {isa = PBXBuildFile; fileRef = 343C0EEE16D1C0270028A6FE /* CoreGraphics.framework */; };
		343C0EF116D1C0270028A6FE /* CoreData.framework in Frameworks */ = {isa = PBXBuildFile; fileRef = 343C0EF016D1C0270028A6FE /* CoreData.framework */; };
		343C0EF716D1C0270028A6FE /* InfoPlist.strings in Resources */ = {isa = PBXBuildFile; fileRef = 343C0EF516D1C0270028A6FE /* InfoPlist.strings */; };
		343C0EF916D1C0270028A6FE /* main.m in Sources */ = {isa = PBXBuildFile; fileRef = 343C0EF816D1C0270028A6FE /* main.m */; };
		343C0EFD16D1C0270028A6FE /* TCSAppDelegate.m in Sources */ = {isa = PBXBuildFile; fileRef = 343C0EFC16D1C0270028A6FE /* TCSAppDelegate.m */; };
		343C0F0616D1C0270028A6FE /* vinylogue.xcdatamodeld in Sources */ = {isa = PBXBuildFile; fileRef = 343C0F0416D1C0270028A6FE /* vinylogue.xcdatamodeld */; };
		343C0F0E16D1C0270028A6FE /* SenTestingKit.framework in Frameworks */ = {isa = PBXBuildFile; fileRef = 343C0F0D16D1C0270028A6FE /* SenTestingKit.framework */; };
		343C0F0F16D1C0270028A6FE /* UIKit.framework in Frameworks */ = {isa = PBXBuildFile; fileRef = 343C0EEA16D1C0270028A6FE /* UIKit.framework */; };
		343C0F1016D1C0270028A6FE /* Foundation.framework in Frameworks */ = {isa = PBXBuildFile; fileRef = 343C0EEC16D1C0270028A6FE /* Foundation.framework */; };
		343C0F1116D1C0270028A6FE /* CoreData.framework in Frameworks */ = {isa = PBXBuildFile; fileRef = 343C0EF016D1C0270028A6FE /* CoreData.framework */; };
		343C0F1916D1C0270028A6FE /* InfoPlist.strings in Resources */ = {isa = PBXBuildFile; fileRef = 343C0F1716D1C0270028A6FE /* InfoPlist.strings */; };
		343C0F1C16D1C0270028A6FE /* vinylogueTests.m in Sources */ = {isa = PBXBuildFile; fileRef = 343C0F1B16D1C0270028A6FE /* vinylogueTests.m */; };
		343C0F3E16D1CAAF0028A6FE /* WeeklyAlbumChart.m in Sources */ = {isa = PBXBuildFile; fileRef = 343C0F3716D1CAAF0028A6FE /* WeeklyAlbumChart.m */; };
		343C0F3F16D1CAAF0028A6FE /* WeeklyAlbumChart.m in Sources */ = {isa = PBXBuildFile; fileRef = 343C0F3716D1CAAF0028A6FE /* WeeklyAlbumChart.m */; };
		343C0F4016D1CAAF0028A6FE /* WeeklyChart.m in Sources */ = {isa = PBXBuildFile; fileRef = 343C0F3916D1CAAF0028A6FE /* WeeklyChart.m */; };
		343C0F4116D1CAAF0028A6FE /* WeeklyChart.m in Sources */ = {isa = PBXBuildFile; fileRef = 343C0F3916D1CAAF0028A6FE /* WeeklyChart.m */; };
		343C0F4416D1CB360028A6FE /* TCSLastFMAPIClient.m in Sources */ = {isa = PBXBuildFile; fileRef = 343C0F4316D1CB350028A6FE /* TCSLastFMAPIClient.m */; };
		343C0F4516D1CB360028A6FE /* TCSLastFMAPIClient.m in Sources */ = {isa = PBXBuildFile; fileRef = 343C0F4316D1CB350028A6FE /* TCSLastFMAPIClient.m */; };
		343C0F4C16D1D5160028A6FE /* SystemConfiguration.framework in Frameworks */ = {isa = PBXBuildFile; fileRef = 343C0F4B16D1D5160028A6FE /* SystemConfiguration.framework */; };
		343C0F4E16D1D51C0028A6FE /* MobileCoreServices.framework in Frameworks */ = {isa = PBXBuildFile; fileRef = 343C0F4D16D1D51C0028A6FE /* MobileCoreServices.framework */; };
		343C0F5616D2A5B70028A6FE /* TCSWeeklyAlbumChartViewController.m in Sources */ = {isa = PBXBuildFile; fileRef = 343C0F5516D2A5B70028A6FE /* TCSWeeklyAlbumChartViewController.m */; };
		343C0F5716D2A5B70028A6FE /* TCSWeeklyAlbumChartViewController.m in Sources */ = {isa = PBXBuildFile; fileRef = 343C0F5516D2A5B70028A6FE /* TCSWeeklyAlbumChartViewController.m */; };
		343C0F5A16D31D3E0028A6FE /* TCSAlbumArtistPlayCountCell.m in Sources */ = {isa = PBXBuildFile; fileRef = 343C0F5916D31D3E0028A6FE /* TCSAlbumArtistPlayCountCell.m */; };
		343C0F5B16D31D3E0028A6FE /* TCSAlbumArtistPlayCountCell.m in Sources */ = {isa = PBXBuildFile; fileRef = 343C0F5916D31D3E0028A6FE /* TCSAlbumArtistPlayCountCell.m */; };
		343C0F5E16D325880028A6FE /* QuartzCore.framework in Frameworks */ = {isa = PBXBuildFile; fileRef = 343C0F5D16D325880028A6FE /* QuartzCore.framework */; };
		343C0F6116D329CE0028A6FE /* TCSSlideSelectView.m in Sources */ = {isa = PBXBuildFile; fileRef = 343C0F6016D329CE0028A6FE /* TCSSlideSelectView.m */; };
		343C0F6216D329CE0028A6FE /* TCSSlideSelectView.m in Sources */ = {isa = PBXBuildFile; fileRef = 343C0F6016D329CE0028A6FE /* TCSSlideSelectView.m */; };
		343C0F6716D567810028A6FE /* leftArrow@2x.png in Resources */ = {isa = PBXBuildFile; fileRef = 343C0F6516D567810028A6FE /* leftArrow@2x.png */; };
		343C0F6816D567810028A6FE /* rightArrow@2x.png in Resources */ = {isa = PBXBuildFile; fileRef = 343C0F6616D567810028A6FE /* rightArrow@2x.png */; };
		343C0F6A16D5702C0028A6FE /* navBarPatch@2x.png in Resources */ = {isa = PBXBuildFile; fileRef = 343C0F6916D5702C0028A6FE /* navBarPatch@2x.png */; };
		343C0F6C16D571020028A6FE /* logo@2x.png in Resources */ = {isa = PBXBuildFile; fileRef = 343C0F6B16D571020028A6FE /* logo@2x.png */; };
		343C0F7016D597100028A6FE /* TCSInnerShadowView.m in Sources */ = {isa = PBXBuildFile; fileRef = 343C0F6F16D597100028A6FE /* TCSInnerShadowView.m */; };
		343C0F7116D597100028A6FE /* TCSInnerShadowView.m in Sources */ = {isa = PBXBuildFile; fileRef = 343C0F6F16D597100028A6FE /* TCSInnerShadowView.m */; };
		343C0F8C16D5BED40028A6FE /* TCSStackedCenteredView.m in Sources */ = {isa = PBXBuildFile; fileRef = 343C0F8B16D5BED40028A6FE /* TCSStackedCenteredView.m */; };
		343C0F8D16D5BED40028A6FE /* TCSStackedCenteredView.m in Sources */ = {isa = PBXBuildFile; fileRef = 343C0F8B16D5BED40028A6FE /* TCSStackedCenteredView.m */; };
		343C0F9016D5BF590028A6FE /* TCSEmptyErrorView.m in Sources */ = {isa = PBXBuildFile; fileRef = 343C0F8F16D5BF580028A6FE /* TCSEmptyErrorView.m */; };
		343C0F9116D5BF590028A6FE /* TCSEmptyErrorView.m in Sources */ = {isa = PBXBuildFile; fileRef = 343C0F8F16D5BF580028A6FE /* TCSEmptyErrorView.m */; };
		343C0F9316D5D4640028A6FE /* blueButton@2x.png in Resources */ = {isa = PBXBuildFile; fileRef = 343C0F9216D5D4640028A6FE /* blueButton@2x.png */; };
		343C0F9416D5D4640028A6FE /* blueButton@2x.png in Resources */ = {isa = PBXBuildFile; fileRef = 343C0F9216D5D4640028A6FE /* blueButton@2x.png */; };
		343C0FA216D695620028A6FE /* loading01@2x.png in Resources */ = {isa = PBXBuildFile; fileRef = 343C0F9616D695620028A6FE /* loading01@2x.png */; };
		343C0FA316D695620028A6FE /* loading02@2x.png in Resources */ = {isa = PBXBuildFile; fileRef = 343C0F9716D695620028A6FE /* loading02@2x.png */; };
		343C0FA416D695620028A6FE /* loading03@2x.png in Resources */ = {isa = PBXBuildFile; fileRef = 343C0F9816D695620028A6FE /* loading03@2x.png */; };
		343C0FA516D695620028A6FE /* loading04@2x.png in Resources */ = {isa = PBXBuildFile; fileRef = 343C0F9916D695620028A6FE /* loading04@2x.png */; };
		343C0FA616D695620028A6FE /* loading05@2x.png in Resources */ = {isa = PBXBuildFile; fileRef = 343C0F9A16D695620028A6FE /* loading05@2x.png */; };
		343C0FA716D695620028A6FE /* loading06@2x.png in Resources */ = {isa = PBXBuildFile; fileRef = 343C0F9B16D695620028A6FE /* loading06@2x.png */; };
		343C0FA816D695620028A6FE /* loading07@2x.png in Resources */ = {isa = PBXBuildFile; fileRef = 343C0F9C16D695620028A6FE /* loading07@2x.png */; };
		343C0FA916D695620028A6FE /* loading08@2x.png in Resources */ = {isa = PBXBuildFile; fileRef = 343C0F9D16D695620028A6FE /* loading08@2x.png */; };
		343C0FAA16D695620028A6FE /* loading09@2x.png in Resources */ = {isa = PBXBuildFile; fileRef = 343C0F9E16D695620028A6FE /* loading09@2x.png */; };
		343C0FAB16D695620028A6FE /* loading10@2x.png in Resources */ = {isa = PBXBuildFile; fileRef = 343C0F9F16D695620028A6FE /* loading10@2x.png */; };
		343C0FAC16D695620028A6FE /* loading11@2x.png in Resources */ = {isa = PBXBuildFile; fileRef = 343C0FA016D695620028A6FE /* loading11@2x.png */; };
		343C0FAD16D695620028A6FE /* loading12@2x.png in Resources */ = {isa = PBXBuildFile; fileRef = 343C0FA116D695620028A6FE /* loading12@2x.png */; };
		343C0FB016D6ACB40028A6FE /* TCSUserNameViewController.m in Sources */ = {isa = PBXBuildFile; fileRef = 343C0FAF16D6ACB40028A6FE /* TCSUserNameViewController.m */; };
		343C0FB116D6ACB40028A6FE /* TCSUserNameViewController.m in Sources */ = {isa = PBXBuildFile; fileRef = 343C0FAF16D6ACB40028A6FE /* TCSUserNameViewController.m */; };
		343C0FB516D6DF9F0028A6FE /* TCSSimpleTableDataSource.m in Sources */ = {isa = PBXBuildFile; fileRef = 343C0FB416D6DF9E0028A6FE /* TCSSimpleTableDataSource.m */; };
		343C0FB616D6DF9F0028A6FE /* TCSSimpleTableDataSource.m in Sources */ = {isa = PBXBuildFile; fileRef = 343C0FB416D6DF9E0028A6FE /* TCSSimpleTableDataSource.m */; };
		343C0FB916D6E01E0028A6FE /* TCSSettingsViewController.m in Sources */ = {isa = PBXBuildFile; fileRef = 343C0FB816D6E01E0028A6FE /* TCSSettingsViewController.m */; };
		343C0FBA16D6E01E0028A6FE /* TCSSettingsViewController.m in Sources */ = {isa = PBXBuildFile; fileRef = 343C0FB816D6E01E0028A6FE /* TCSSettingsViewController.m */; };
		343C0FBD16D6E3D00028A6FE /* TCSSettingsCells.m in Sources */ = {isa = PBXBuildFile; fileRef = 343C0FBC16D6E3D00028A6FE /* TCSSettingsCells.m */; };
		343C0FBE16D6E3D00028A6FE /* TCSSettingsCells.m in Sources */ = {isa = PBXBuildFile; fileRef = 343C0FBC16D6E3D00028A6FE /* TCSSettingsCells.m */; };
		343C0FC416D70BE80028A6FE /* settings@2x.png in Resources */ = {isa = PBXBuildFile; fileRef = 343C0FC316D70BE40028A6FE /* settings@2x.png */; };
		343C0FC516D70BE80028A6FE /* settings@2x.png in Resources */ = {isa = PBXBuildFile; fileRef = 343C0FC316D70BE40028A6FE /* settings@2x.png */; };
		343C0FC816D7F8F10028A6FE /* TCSFavoriteUsersViewController.m in Sources */ = {isa = PBXBuildFile; fileRef = 343C0FC716D7F8F10028A6FE /* TCSFavoriteUsersViewController.m */; };
		343C0FC916D7F8F10028A6FE /* TCSFavoriteUsersViewController.m in Sources */ = {isa = PBXBuildFile; fileRef = 343C0FC716D7F8F10028A6FE /* TCSFavoriteUsersViewController.m */; };
		343C0FCC16D816840028A6FE /* TCSUserStore.m in Sources */ = {isa = PBXBuildFile; fileRef = 343C0FCB16D816840028A6FE /* TCSUserStore.m */; };
		343C0FCD16D816840028A6FE /* TCSUserStore.m in Sources */ = {isa = PBXBuildFile; fileRef = 343C0FCB16D816840028A6FE /* TCSUserStore.m */; };
		3464744516DC7568003E6350 /* NSDictionary+TCSDictionarySafety.m in Sources */ = {isa = PBXBuildFile; fileRef = 3464744416DC7568003E6350 /* NSDictionary+TCSDictionarySafety.m */; };
		3464744616DC7568003E6350 /* NSDictionary+TCSDictionarySafety.m in Sources */ = {isa = PBXBuildFile; fileRef = 3464744416DC7568003E6350 /* NSDictionary+TCSDictionarySafety.m */; };
		3479A4D216D83E950042B8AE /* TCSSinglePageWebViewController.m in Sources */ = {isa = PBXBuildFile; fileRef = 3479A4D116D83E950042B8AE /* TCSSinglePageWebViewController.m */; };
		3479A4D316D83E950042B8AE /* TCSSinglePageWebViewController.m in Sources */ = {isa = PBXBuildFile; fileRef = 3479A4D116D83E950042B8AE /* TCSSinglePageWebViewController.m */; };
		3479A4D516D83FD20042B8AE /* StoreKit.framework in Frameworks */ = {isa = PBXBuildFile; fileRef = 3479A4D416D83FD20042B8AE /* StoreKit.framework */; };
		3479A4D716D83FDF0042B8AE /* MessageUI.framework in Frameworks */ = {isa = PBXBuildFile; fileRef = 3479A4D616D83FDF0042B8AE /* MessageUI.framework */; };
		3479A4DF16D853CB0042B8AE /* Default@2x.png in Resources */ = {isa = PBXBuildFile; fileRef = 3479A4DE16D853CB0042B8AE /* Default@2x.png */; };
		3479A4E116D856190042B8AE /* Default.png in Resources */ = {isa = PBXBuildFile; fileRef = 3479A4E016D856190042B8AE /* Default.png */; };
		3479A4E316D8561C0042B8AE /* Default-568h@2x.png in Resources */ = {isa = PBXBuildFile; fileRef = 3479A4E216D8561C0042B8AE /* Default-568h@2x.png */; };
		3479A4E716DBCE4B0042B8AE /* placeholder@2x.png in Resources */ = {isa = PBXBuildFile; fileRef = 3479A4E616DBCE4B0042B8AE /* placeholder@2x.png */; };
		3479A4E816DBCE4B0042B8AE /* placeholder@2x.png in Resources */ = {isa = PBXBuildFile; fileRef = 3479A4E616DBCE4B0042B8AE /* placeholder@2x.png */; };
		3480C59816EE3D5A00443F08 /* User.m in Sources */ = {isa = PBXBuildFile; fileRef = 3480C59716EE3D5A00443F08 /* User.m */; };
		34A62DA816EBBF6E0070AE95 /* licenses.html in Resources */ = {isa = PBXBuildFile; fileRef = 34A62DA716EBBF6E0070AE95 /* licenses.html */; };
		34A62DAE16EBC7100070AE95 /* Icon.png in Resources */ = {isa = PBXBuildFile; fileRef = 34A62DAD16EBC7100070AE95 /* Icon.png */; };
		34A62DB016EBC7200070AE95 /* Icon@2x.png in Resources */ = {isa = PBXBuildFile; fileRef = 34A62DAF16EBC7200070AE95 /* Icon@2x.png */; };
		34A62DB316EBC73D0070AE95 /* Icon-Small-50.png in Resources */ = {isa = PBXBuildFile; fileRef = 34A62DB116EBC73D0070AE95 /* Icon-Small-50.png */; };
		34A62DB416EBC73D0070AE95 /* Icon-Small.png in Resources */ = {isa = PBXBuildFile; fileRef = 34A62DB216EBC73D0070AE95 /* Icon-Small.png */; };
/* End PBXBuildFile section */

/* Begin PBXContainerItemProxy section */
		343C0F1216D1C0270028A6FE /* PBXContainerItemProxy */ = {
			isa = PBXContainerItemProxy;
			containerPortal = 343C0EDF16D1C0270028A6FE /* Project object */;
			proxyType = 1;
			remoteGlobalIDString = 343C0EE616D1C0270028A6FE;
			remoteInfo = vinylogue;
		};
/* End PBXContainerItemProxy section */

/* Begin PBXFileReference section */
		2000F782F5C947DDB1A0F8C5 /* Pods.xcconfig */ = {isa = PBXFileReference; includeInIndex = 1; lastKnownFileType = text.xcconfig; name = Pods.xcconfig; path = Pods/Pods.xcconfig; sourceTree = SOURCE_ROOT; };
		343C0EE716D1C0270028A6FE /* vinylogue.app */ = {isa = PBXFileReference; explicitFileType = wrapper.application; includeInIndex = 0; path = vinylogue.app; sourceTree = BUILT_PRODUCTS_DIR; };
		343C0EEA16D1C0270028A6FE /* UIKit.framework */ = {isa = PBXFileReference; lastKnownFileType = wrapper.framework; name = UIKit.framework; path = System/Library/Frameworks/UIKit.framework; sourceTree = SDKROOT; };
		343C0EEC16D1C0270028A6FE /* Foundation.framework */ = {isa = PBXFileReference; lastKnownFileType = wrapper.framework; name = Foundation.framework; path = System/Library/Frameworks/Foundation.framework; sourceTree = SDKROOT; };
		343C0EEE16D1C0270028A6FE /* CoreGraphics.framework */ = {isa = PBXFileReference; lastKnownFileType = wrapper.framework; name = CoreGraphics.framework; path = System/Library/Frameworks/CoreGraphics.framework; sourceTree = SDKROOT; };
		343C0EF016D1C0270028A6FE /* CoreData.framework */ = {isa = PBXFileReference; lastKnownFileType = wrapper.framework; name = CoreData.framework; path = System/Library/Frameworks/CoreData.framework; sourceTree = SDKROOT; };
		343C0EF416D1C0270028A6FE /* vinylogue-Info.plist */ = {isa = PBXFileReference; lastKnownFileType = text.plist.xml; path = "vinylogue-Info.plist"; sourceTree = "<group>"; };
		343C0EF616D1C0270028A6FE /* en */ = {isa = PBXFileReference; lastKnownFileType = text.plist.strings; name = en; path = en.lproj/InfoPlist.strings; sourceTree = "<group>"; };
		343C0EF816D1C0270028A6FE /* main.m */ = {isa = PBXFileReference; lastKnownFileType = sourcecode.c.objc; path = main.m; sourceTree = "<group>"; };
		343C0EFA16D1C0270028A6FE /* vinylogue-Prefix.pch */ = {isa = PBXFileReference; lastKnownFileType = sourcecode.c.h; path = "vinylogue-Prefix.pch"; sourceTree = "<group>"; };
		343C0EFB16D1C0270028A6FE /* TCSAppDelegate.h */ = {isa = PBXFileReference; lastKnownFileType = sourcecode.c.h; path = TCSAppDelegate.h; sourceTree = "<group>"; };
		343C0EFC16D1C0270028A6FE /* TCSAppDelegate.m */ = {isa = PBXFileReference; lastKnownFileType = sourcecode.c.objc; path = TCSAppDelegate.m; sourceTree = "<group>"; };
		343C0F0516D1C0270028A6FE /* vinylogue.xcdatamodel */ = {isa = PBXFileReference; lastKnownFileType = wrapper.xcdatamodel; path = vinylogue.xcdatamodel; sourceTree = "<group>"; };
		343C0F0C16D1C0270028A6FE /* vinylogueTests.octest */ = {isa = PBXFileReference; explicitFileType = wrapper.cfbundle; includeInIndex = 0; path = vinylogueTests.octest; sourceTree = BUILT_PRODUCTS_DIR; };
		343C0F0D16D1C0270028A6FE /* SenTestingKit.framework */ = {isa = PBXFileReference; lastKnownFileType = wrapper.framework; name = SenTestingKit.framework; path = Library/Frameworks/SenTestingKit.framework; sourceTree = DEVELOPER_DIR; };
		343C0F1616D1C0270028A6FE /* vinylogueTests-Info.plist */ = {isa = PBXFileReference; lastKnownFileType = text.plist.xml; path = "vinylogueTests-Info.plist"; sourceTree = "<group>"; };
		343C0F1816D1C0270028A6FE /* en */ = {isa = PBXFileReference; lastKnownFileType = text.plist.strings; name = en; path = en.lproj/InfoPlist.strings; sourceTree = "<group>"; };
		343C0F1A16D1C0270028A6FE /* vinylogueTests.h */ = {isa = PBXFileReference; lastKnownFileType = sourcecode.c.h; path = vinylogueTests.h; sourceTree = "<group>"; };
		343C0F1B16D1C0270028A6FE /* vinylogueTests.m */ = {isa = PBXFileReference; lastKnownFileType = sourcecode.c.objc; path = vinylogueTests.m; sourceTree = "<group>"; };
		343C0F3616D1CAAF0028A6FE /* WeeklyAlbumChart.h */ = {isa = PBXFileReference; fileEncoding = 4; lastKnownFileType = sourcecode.c.h; path = WeeklyAlbumChart.h; sourceTree = "<group>"; };
		343C0F3716D1CAAF0028A6FE /* WeeklyAlbumChart.m */ = {isa = PBXFileReference; fileEncoding = 4; lastKnownFileType = sourcecode.c.objc; path = WeeklyAlbumChart.m; sourceTree = "<group>"; };
		343C0F3816D1CAAF0028A6FE /* WeeklyChart.h */ = {isa = PBXFileReference; fileEncoding = 4; lastKnownFileType = sourcecode.c.h; path = WeeklyChart.h; sourceTree = "<group>"; };
		343C0F3916D1CAAF0028A6FE /* WeeklyChart.m */ = {isa = PBXFileReference; fileEncoding = 4; lastKnownFileType = sourcecode.c.objc; path = WeeklyChart.m; sourceTree = "<group>"; };
		343C0F4216D1CB350028A6FE /* TCSLastFMAPIClient.h */ = {isa = PBXFileReference; fileEncoding = 4; lastKnownFileType = sourcecode.c.h; path = TCSLastFMAPIClient.h; sourceTree = "<group>"; };
		343C0F4316D1CB350028A6FE /* TCSLastFMAPIClient.m */ = {isa = PBXFileReference; fileEncoding = 4; lastKnownFileType = sourcecode.c.objc; path = TCSLastFMAPIClient.m; sourceTree = "<group>"; };
		343C0F4B16D1D5160028A6FE /* SystemConfiguration.framework */ = {isa = PBXFileReference; lastKnownFileType = wrapper.framework; name = SystemConfiguration.framework; path = System/Library/Frameworks/SystemConfiguration.framework; sourceTree = SDKROOT; };
		343C0F4D16D1D51C0028A6FE /* MobileCoreServices.framework */ = {isa = PBXFileReference; lastKnownFileType = wrapper.framework; name = MobileCoreServices.framework; path = System/Library/Frameworks/MobileCoreServices.framework; sourceTree = SDKROOT; };
		343C0F5416D2A5B70028A6FE /* TCSWeeklyAlbumChartViewController.h */ = {isa = PBXFileReference; fileEncoding = 4; lastKnownFileType = sourcecode.c.h; path = TCSWeeklyAlbumChartViewController.h; sourceTree = "<group>"; };
		343C0F5516D2A5B70028A6FE /* TCSWeeklyAlbumChartViewController.m */ = {isa = PBXFileReference; fileEncoding = 4; lastKnownFileType = sourcecode.c.objc; path = TCSWeeklyAlbumChartViewController.m; sourceTree = "<group>"; };
		343C0F5816D31D3E0028A6FE /* TCSAlbumArtistPlayCountCell.h */ = {isa = PBXFileReference; fileEncoding = 4; lastKnownFileType = sourcecode.c.h; path = TCSAlbumArtistPlayCountCell.h; sourceTree = "<group>"; };
		343C0F5916D31D3E0028A6FE /* TCSAlbumArtistPlayCountCell.m */ = {isa = PBXFileReference; fileEncoding = 4; lastKnownFileType = sourcecode.c.objc; path = TCSAlbumArtistPlayCountCell.m; sourceTree = "<group>"; };
		343C0F5D16D325880028A6FE /* QuartzCore.framework */ = {isa = PBXFileReference; lastKnownFileType = wrapper.framework; name = QuartzCore.framework; path = System/Library/Frameworks/QuartzCore.framework; sourceTree = SDKROOT; };
		343C0F5F16D329CD0028A6FE /* TCSSlideSelectView.h */ = {isa = PBXFileReference; fileEncoding = 4; lastKnownFileType = sourcecode.c.h; path = TCSSlideSelectView.h; sourceTree = "<group>"; };
		343C0F6016D329CE0028A6FE /* TCSSlideSelectView.m */ = {isa = PBXFileReference; fileEncoding = 4; lastKnownFileType = sourcecode.c.objc; path = TCSSlideSelectView.m; sourceTree = "<group>"; };
		343C0F6316D554670028A6FE /* TCSVinylogueDesign.h */ = {isa = PBXFileReference; fileEncoding = 4; lastKnownFileType = sourcecode.c.h; path = TCSVinylogueDesign.h; sourceTree = "<group>"; };
		343C0F6516D567810028A6FE /* leftArrow@2x.png */ = {isa = PBXFileReference; lastKnownFileType = image.png; name = "leftArrow@2x.png"; path = "Images/leftArrow@2x.png"; sourceTree = SOURCE_ROOT; };
		343C0F6616D567810028A6FE /* rightArrow@2x.png */ = {isa = PBXFileReference; lastKnownFileType = image.png; name = "rightArrow@2x.png"; path = "Images/rightArrow@2x.png"; sourceTree = SOURCE_ROOT; };
		343C0F6916D5702C0028A6FE /* navBarPatch@2x.png */ = {isa = PBXFileReference; lastKnownFileType = image.png; name = "navBarPatch@2x.png"; path = "Images/navBarPatch@2x.png"; sourceTree = SOURCE_ROOT; };
		343C0F6B16D571020028A6FE /* logo@2x.png */ = {isa = PBXFileReference; lastKnownFileType = image.png; name = "logo@2x.png"; path = "Images/logo@2x.png"; sourceTree = SOURCE_ROOT; };
		343C0F6E16D597100028A6FE /* TCSInnerShadowView.h */ = {isa = PBXFileReference; fileEncoding = 4; lastKnownFileType = sourcecode.c.h; path = TCSInnerShadowView.h; sourceTree = "<group>"; };
		343C0F6F16D597100028A6FE /* TCSInnerShadowView.m */ = {isa = PBXFileReference; fileEncoding = 4; lastKnownFileType = sourcecode.c.objc; path = TCSInnerShadowView.m; sourceTree = "<group>"; };
		343C0F8A16D5BED40028A6FE /* TCSStackedCenteredView.h */ = {isa = PBXFileReference; fileEncoding = 4; lastKnownFileType = sourcecode.c.h; path = TCSStackedCenteredView.h; sourceTree = "<group>"; };
		343C0F8B16D5BED40028A6FE /* TCSStackedCenteredView.m */ = {isa = PBXFileReference; fileEncoding = 4; lastKnownFileType = sourcecode.c.objc; path = TCSStackedCenteredView.m; sourceTree = "<group>"; };
		343C0F8E16D5BF580028A6FE /* TCSEmptyErrorView.h */ = {isa = PBXFileReference; fileEncoding = 4; lastKnownFileType = sourcecode.c.h; path = TCSEmptyErrorView.h; sourceTree = "<group>"; };
		343C0F8F16D5BF580028A6FE /* TCSEmptyErrorView.m */ = {isa = PBXFileReference; fileEncoding = 4; lastKnownFileType = sourcecode.c.objc; path = TCSEmptyErrorView.m; sourceTree = "<group>"; };
		343C0F9216D5D4640028A6FE /* blueButton@2x.png */ = {isa = PBXFileReference; lastKnownFileType = image.png; name = "blueButton@2x.png"; path = "Images/blueButton@2x.png"; sourceTree = SOURCE_ROOT; };
		343C0F9616D695620028A6FE /* loading01@2x.png */ = {isa = PBXFileReference; lastKnownFileType = image.png; name = "loading01@2x.png"; path = "Images/loading/loading01@2x.png"; sourceTree = SOURCE_ROOT; };
		343C0F9716D695620028A6FE /* loading02@2x.png */ = {isa = PBXFileReference; lastKnownFileType = image.png; name = "loading02@2x.png"; path = "Images/loading/loading02@2x.png"; sourceTree = SOURCE_ROOT; };
		343C0F9816D695620028A6FE /* loading03@2x.png */ = {isa = PBXFileReference; lastKnownFileType = image.png; name = "loading03@2x.png"; path = "Images/loading/loading03@2x.png"; sourceTree = SOURCE_ROOT; };
		343C0F9916D695620028A6FE /* loading04@2x.png */ = {isa = PBXFileReference; lastKnownFileType = image.png; name = "loading04@2x.png"; path = "Images/loading/loading04@2x.png"; sourceTree = SOURCE_ROOT; };
		343C0F9A16D695620028A6FE /* loading05@2x.png */ = {isa = PBXFileReference; lastKnownFileType = image.png; name = "loading05@2x.png"; path = "Images/loading/loading05@2x.png"; sourceTree = SOURCE_ROOT; };
		343C0F9B16D695620028A6FE /* loading06@2x.png */ = {isa = PBXFileReference; lastKnownFileType = image.png; name = "loading06@2x.png"; path = "Images/loading/loading06@2x.png"; sourceTree = SOURCE_ROOT; };
		343C0F9C16D695620028A6FE /* loading07@2x.png */ = {isa = PBXFileReference; lastKnownFileType = image.png; name = "loading07@2x.png"; path = "Images/loading/loading07@2x.png"; sourceTree = SOURCE_ROOT; };
		343C0F9D16D695620028A6FE /* loading08@2x.png */ = {isa = PBXFileReference; lastKnownFileType = image.png; name = "loading08@2x.png"; path = "Images/loading/loading08@2x.png"; sourceTree = SOURCE_ROOT; };
		343C0F9E16D695620028A6FE /* loading09@2x.png */ = {isa = PBXFileReference; lastKnownFileType = image.png; name = "loading09@2x.png"; path = "Images/loading/loading09@2x.png"; sourceTree = SOURCE_ROOT; };
		343C0F9F16D695620028A6FE /* loading10@2x.png */ = {isa = PBXFileReference; lastKnownFileType = image.png; name = "loading10@2x.png"; path = "Images/loading/loading10@2x.png"; sourceTree = SOURCE_ROOT; };
		343C0FA016D695620028A6FE /* loading11@2x.png */ = {isa = PBXFileReference; lastKnownFileType = image.png; name = "loading11@2x.png"; path = "Images/loading/loading11@2x.png"; sourceTree = SOURCE_ROOT; };
		343C0FA116D695620028A6FE /* loading12@2x.png */ = {isa = PBXFileReference; lastKnownFileType = image.png; name = "loading12@2x.png"; path = "Images/loading/loading12@2x.png"; sourceTree = SOURCE_ROOT; };
		343C0FAE16D6ACB40028A6FE /* TCSUserNameViewController.h */ = {isa = PBXFileReference; fileEncoding = 4; lastKnownFileType = sourcecode.c.h; path = TCSUserNameViewController.h; sourceTree = "<group>"; };
		343C0FAF16D6ACB40028A6FE /* TCSUserNameViewController.m */ = {isa = PBXFileReference; fileEncoding = 4; lastKnownFileType = sourcecode.c.objc; path = TCSUserNameViewController.m; sourceTree = "<group>"; };
		343C0FB216D6C3E40028A6FE /* TCSVinylogueGlobals.h */ = {isa = PBXFileReference; fileEncoding = 4; lastKnownFileType = sourcecode.c.h; path = TCSVinylogueGlobals.h; sourceTree = "<group>"; };
		343C0FB316D6DF9E0028A6FE /* TCSSimpleTableDataSource.h */ = {isa = PBXFileReference; fileEncoding = 4; lastKnownFileType = sourcecode.c.h; path = TCSSimpleTableDataSource.h; sourceTree = "<group>"; };
		343C0FB416D6DF9E0028A6FE /* TCSSimpleTableDataSource.m */ = {isa = PBXFileReference; fileEncoding = 4; lastKnownFileType = sourcecode.c.objc; path = TCSSimpleTableDataSource.m; sourceTree = "<group>"; };
		343C0FB716D6E01E0028A6FE /* TCSSettingsViewController.h */ = {isa = PBXFileReference; fileEncoding = 4; lastKnownFileType = sourcecode.c.h; path = TCSSettingsViewController.h; sourceTree = "<group>"; };
		343C0FB816D6E01E0028A6FE /* TCSSettingsViewController.m */ = {isa = PBXFileReference; fileEncoding = 4; lastKnownFileType = sourcecode.c.objc; path = TCSSettingsViewController.m; sourceTree = "<group>"; };
		343C0FBB16D6E3CF0028A6FE /* TCSSettingsCells.h */ = {isa = PBXFileReference; fileEncoding = 4; lastKnownFileType = sourcecode.c.h; path = TCSSettingsCells.h; sourceTree = "<group>"; };
		343C0FBC16D6E3D00028A6FE /* TCSSettingsCells.m */ = {isa = PBXFileReference; fileEncoding = 4; lastKnownFileType = sourcecode.c.objc; path = TCSSettingsCells.m; sourceTree = "<group>"; };
		343C0FC316D70BE40028A6FE /* settings@2x.png */ = {isa = PBXFileReference; lastKnownFileType = image.png; name = "settings@2x.png"; path = "Images/settings@2x.png"; sourceTree = SOURCE_ROOT; };
		343C0FC616D7F8F10028A6FE /* TCSFavoriteUsersViewController.h */ = {isa = PBXFileReference; fileEncoding = 4; lastKnownFileType = sourcecode.c.h; path = TCSFavoriteUsersViewController.h; sourceTree = "<group>"; };
		343C0FC716D7F8F10028A6FE /* TCSFavoriteUsersViewController.m */ = {isa = PBXFileReference; fileEncoding = 4; lastKnownFileType = sourcecode.c.objc; path = TCSFavoriteUsersViewController.m; sourceTree = "<group>"; };
		343C0FCA16D816840028A6FE /* TCSUserStore.h */ = {isa = PBXFileReference; fileEncoding = 4; lastKnownFileType = sourcecode.c.h; path = TCSUserStore.h; sourceTree = "<group>"; };
		343C0FCB16D816840028A6FE /* TCSUserStore.m */ = {isa = PBXFileReference; fileEncoding = 4; lastKnownFileType = sourcecode.c.objc; path = TCSUserStore.m; sourceTree = "<group>"; };
		3464744316DC7568003E6350 /* NSDictionary+TCSDictionarySafety.h */ = {isa = PBXFileReference; fileEncoding = 4; lastKnownFileType = sourcecode.c.h; path = "NSDictionary+TCSDictionarySafety.h"; sourceTree = "<group>"; };
		3464744416DC7568003E6350 /* NSDictionary+TCSDictionarySafety.m */ = {isa = PBXFileReference; fileEncoding = 4; lastKnownFileType = sourcecode.c.objc; path = "NSDictionary+TCSDictionarySafety.m"; sourceTree = "<group>"; };
		3479A4D016D83E950042B8AE /* TCSSinglePageWebViewController.h */ = {isa = PBXFileReference; fileEncoding = 4; lastKnownFileType = sourcecode.c.h; path = TCSSinglePageWebViewController.h; sourceTree = "<group>"; };
		3479A4D116D83E950042B8AE /* TCSSinglePageWebViewController.m */ = {isa = PBXFileReference; fileEncoding = 4; lastKnownFileType = sourcecode.c.objc; path = TCSSinglePageWebViewController.m; sourceTree = "<group>"; };
		3479A4D416D83FD20042B8AE /* StoreKit.framework */ = {isa = PBXFileReference; lastKnownFileType = wrapper.framework; name = StoreKit.framework; path = System/Library/Frameworks/StoreKit.framework; sourceTree = SDKROOT; };
		3479A4D616D83FDF0042B8AE /* MessageUI.framework */ = {isa = PBXFileReference; lastKnownFileType = wrapper.framework; name = MessageUI.framework; path = System/Library/Frameworks/MessageUI.framework; sourceTree = SDKROOT; };
		3479A4DE16D853CB0042B8AE /* Default@2x.png */ = {isa = PBXFileReference; lastKnownFileType = image.png; name = "Default@2x.png"; path = "../Default@2x.png"; sourceTree = "<group>"; };
		3479A4E016D856190042B8AE /* Default.png */ = {isa = PBXFileReference; lastKnownFileType = image.png; name = Default.png; path = ../Default.png; sourceTree = "<group>"; };
		3479A4E216D8561C0042B8AE /* Default-568h@2x.png */ = {isa = PBXFileReference; lastKnownFileType = image.png; name = "Default-568h@2x.png"; path = "../Default-568h@2x.png"; sourceTree = "<group>"; };
		3479A4E616DBCE4B0042B8AE /* placeholder@2x.png */ = {isa = PBXFileReference; lastKnownFileType = image.png; name = "placeholder@2x.png"; path = "Images/placeholder@2x.png"; sourceTree = SOURCE_ROOT; };
		3480C59616EE3D5A00443F08 /* User.h */ = {isa = PBXFileReference; fileEncoding = 4; lastKnownFileType = sourcecode.c.h; path = User.h; sourceTree = "<group>"; };
		3480C59716EE3D5A00443F08 /* User.m */ = {isa = PBXFileReference; fileEncoding = 4; lastKnownFileType = sourcecode.c.objc; path = User.m; sourceTree = "<group>"; };
		34A62DA716EBBF6E0070AE95 /* licenses.html */ = {isa = PBXFileReference; fileEncoding = 4; lastKnownFileType = text.html; path = licenses.html; sourceTree = SOURCE_ROOT; };
		34A62DAD16EBC7100070AE95 /* Icon.png */ = {isa = PBXFileReference; lastKnownFileType = image.png; name = Icon.png; path = ../Icon.png; sourceTree = "<group>"; };
		34A62DAF16EBC7200070AE95 /* Icon@2x.png */ = {isa = PBXFileReference; lastKnownFileType = image.png; name = "Icon@2x.png"; path = "../Icon@2x.png"; sourceTree = "<group>"; };
		34A62DB116EBC73D0070AE95 /* Icon-Small-50.png */ = {isa = PBXFileReference; lastKnownFileType = image.png; name = "Icon-Small-50.png"; path = "Images/application/Icon-Small-50.png"; sourceTree = SOURCE_ROOT; };
		34A62DB216EBC73D0070AE95 /* Icon-Small.png */ = {isa = PBXFileReference; lastKnownFileType = image.png; name = "Icon-Small.png"; path = "Images/application/Icon-Small.png"; sourceTree = SOURCE_ROOT; };
		D7DEBAFFCE0A4706B44FA7D9 /* libPods.a */ = {isa = PBXFileReference; explicitFileType = archive.ar; includeInIndex = 0; path = libPods.a; sourceTree = BUILT_PRODUCTS_DIR; };
/* End PBXFileReference section */

/* Begin PBXFrameworksBuildPhase section */
		343C0EE416D1C0270028A6FE /* Frameworks */ = {
			isa = PBXFrameworksBuildPhase;
			buildActionMask = 2147483647;
			files = (
				12A5FD52A4EF4225843E50E0 /* libPods.a in Frameworks */,
				3479A4D716D83FDF0042B8AE /* MessageUI.framework in Frameworks */,
				3479A4D516D83FD20042B8AE /* StoreKit.framework in Frameworks */,
				343C0F5E16D325880028A6FE /* QuartzCore.framework in Frameworks */,
				343C0F4E16D1D51C0028A6FE /* MobileCoreServices.framework in Frameworks */,
				343C0F4C16D1D5160028A6FE /* SystemConfiguration.framework in Frameworks */,
				343C0EEB16D1C0270028A6FE /* UIKit.framework in Frameworks */,
				343C0EED16D1C0270028A6FE /* Foundation.framework in Frameworks */,
				343C0EEF16D1C0270028A6FE /* CoreGraphics.framework in Frameworks */,
				343C0EF116D1C0270028A6FE /* CoreData.framework in Frameworks */,
			);
			runOnlyForDeploymentPostprocessing = 0;
		};
		343C0F0816D1C0270028A6FE /* Frameworks */ = {
			isa = PBXFrameworksBuildPhase;
			buildActionMask = 2147483647;
			files = (
				343C0F0E16D1C0270028A6FE /* SenTestingKit.framework in Frameworks */,
				343C0F0F16D1C0270028A6FE /* UIKit.framework in Frameworks */,
				343C0F1016D1C0270028A6FE /* Foundation.framework in Frameworks */,
				343C0F1116D1C0270028A6FE /* CoreData.framework in Frameworks */,
			);
			runOnlyForDeploymentPostprocessing = 0;
		};
/* End PBXFrameworksBuildPhase section */

/* Begin PBXGroup section */
		343C0EDE16D1C0270028A6FE = {
			isa = PBXGroup;
			children = (
				343C0EF216D1C0270028A6FE /* vinylogue */,
				343C0F1416D1C0270028A6FE /* vinylogueTests */,
				343C0EE916D1C0270028A6FE /* Frameworks */,
				343C0EE816D1C0270028A6FE /* Products */,
				2000F782F5C947DDB1A0F8C5 /* Pods.xcconfig */,
			);
			sourceTree = "<group>";
		};
		343C0EE816D1C0270028A6FE /* Products */ = {
			isa = PBXGroup;
			children = (
				343C0EE716D1C0270028A6FE /* vinylogue.app */,
				343C0F0C16D1C0270028A6FE /* vinylogueTests.octest */,
			);
			name = Products;
			sourceTree = "<group>";
		};
		343C0EE916D1C0270028A6FE /* Frameworks */ = {
			isa = PBXGroup;
			children = (
				3479A4D616D83FDF0042B8AE /* MessageUI.framework */,
				3479A4D416D83FD20042B8AE /* StoreKit.framework */,
				343C0F5D16D325880028A6FE /* QuartzCore.framework */,
				343C0F4D16D1D51C0028A6FE /* MobileCoreServices.framework */,
				343C0F4B16D1D5160028A6FE /* SystemConfiguration.framework */,
				343C0EEA16D1C0270028A6FE /* UIKit.framework */,
				343C0EEC16D1C0270028A6FE /* Foundation.framework */,
				343C0EEE16D1C0270028A6FE /* CoreGraphics.framework */,
				343C0EF016D1C0270028A6FE /* CoreData.framework */,
				343C0F0D16D1C0270028A6FE /* SenTestingKit.framework */,
				D7DEBAFFCE0A4706B44FA7D9 /* libPods.a */,
			);
			name = Frameworks;
			sourceTree = "<group>";
		};
		343C0EF216D1C0270028A6FE /* vinylogue */ = {
			isa = PBXGroup;
			children = (
				343C0EFB16D1C0270028A6FE /* TCSAppDelegate.h */,
				343C0EFC16D1C0270028A6FE /* TCSAppDelegate.m */,
				343C0F6316D554670028A6FE /* TCSVinylogueDesign.h */,
				343C0FB216D6C3E40028A6FE /* TCSVinylogueGlobals.h */,
				3464744216DC7538003E6350 /* Categories */,
				343C0F5316D1E1B50028A6FE /* Controllers */,
				343C0F2516D1C5E70028A6FE /* Models */,
				343C0F5C16D31D460028A6FE /* Views */,
				343C0FBF16D6F0B70028A6FE /* Settings */,
				343C0EF316D1C0270028A6FE /* Supporting Files */,
			);
			path = vinylogue;
			sourceTree = "<group>";
		};
		343C0EF316D1C0270028A6FE /* Supporting Files */ = {
			isa = PBXGroup;
			children = (
				343C0F6416D567350028A6FE /* Images */,
				343C0EF416D1C0270028A6FE /* vinylogue-Info.plist */,
				343C0EF516D1C0270028A6FE /* InfoPlist.strings */,
				343C0EF816D1C0270028A6FE /* main.m */,
				343C0EFA16D1C0270028A6FE /* vinylogue-Prefix.pch */,
				34A62DA716EBBF6E0070AE95 /* licenses.html */,
			);
			name = "Supporting Files";
			sourceTree = "<group>";
		};
		343C0F1416D1C0270028A6FE /* vinylogueTests */ = {
			isa = PBXGroup;
			children = (
				343C0F1A16D1C0270028A6FE /* vinylogueTests.h */,
				343C0F1B16D1C0270028A6FE /* vinylogueTests.m */,
				343C0F1516D1C0270028A6FE /* Supporting Files */,
			);
			path = vinylogueTests;
			sourceTree = "<group>";
		};
		343C0F1516D1C0270028A6FE /* Supporting Files */ = {
			isa = PBXGroup;
			children = (
				343C0F1616D1C0270028A6FE /* vinylogueTests-Info.plist */,
				343C0F1716D1C0270028A6FE /* InfoPlist.strings */,
			);
			name = "Supporting Files";
			sourceTree = "<group>";
		};
		343C0F2516D1C5E70028A6FE /* Models */ = {
			isa = PBXGroup;
			children = (
				343C0F0416D1C0270028A6FE /* vinylogue.xcdatamodeld */,
				343C0F4216D1CB350028A6FE /* TCSLastFMAPIClient.h */,
				343C0F4316D1CB350028A6FE /* TCSLastFMAPIClient.m */,
				343C0FCA16D816840028A6FE /* TCSUserStore.h */,
				343C0FCB16D816840028A6FE /* TCSUserStore.m */,
				343C0F4616D1CB450028A6FE /* Objects */,
			);
			name = Models;
			sourceTree = "<group>";
		};
		343C0F4616D1CB450028A6FE /* Objects */ = {
			isa = PBXGroup;
			children = (
				343C0F3616D1CAAF0028A6FE /* WeeklyAlbumChart.h */,
				343C0F3716D1CAAF0028A6FE /* WeeklyAlbumChart.m */,
				343C0F3816D1CAAF0028A6FE /* WeeklyChart.h */,
				343C0F3916D1CAAF0028A6FE /* WeeklyChart.m */,
				3480C59616EE3D5A00443F08 /* User.h */,
				3480C59716EE3D5A00443F08 /* User.m */,
			);
			name = Objects;
			sourceTree = "<group>";
		};
		343C0F5316D1E1B50028A6FE /* Controllers */ = {
			isa = PBXGroup;
			children = (
				343C0F5416D2A5B70028A6FE /* TCSWeeklyAlbumChartViewController.h */,
				343C0F5516D2A5B70028A6FE /* TCSWeeklyAlbumChartViewController.m */,
				343C0FC616D7F8F10028A6FE /* TCSFavoriteUsersViewController.h */,
				343C0FC716D7F8F10028A6FE /* TCSFavoriteUsersViewController.m */,
			);
			name = Controllers;
			sourceTree = "<group>";
		};
		343C0F5C16D31D460028A6FE /* Views */ = {
			isa = PBXGroup;
			children = (
				343C0F5816D31D3E0028A6FE /* TCSAlbumArtistPlayCountCell.h */,
				343C0F5916D31D3E0028A6FE /* TCSAlbumArtistPlayCountCell.m */,
				343C0F5F16D329CD0028A6FE /* TCSSlideSelectView.h */,
				343C0F6016D329CE0028A6FE /* TCSSlideSelectView.m */,
				343C0F8E16D5BF580028A6FE /* TCSEmptyErrorView.h */,
				343C0F8F16D5BF580028A6FE /* TCSEmptyErrorView.m */,
				343C0F6D16D596E50028A6FE /* Generic */,
			);
			name = Views;
			sourceTree = "<group>";
		};
		343C0F6416D567350028A6FE /* Images */ = {
			isa = PBXGroup;
			children = (
				3479A4D816D84DBB0042B8AE /* application */,
				343C0F6B16D571020028A6FE /* logo@2x.png */,
				343C0F6516D567810028A6FE /* leftArrow@2x.png */,
				343C0F6616D567810028A6FE /* rightArrow@2x.png */,
				343C0F6916D5702C0028A6FE /* navBarPatch@2x.png */,
				343C0F9216D5D4640028A6FE /* blueButton@2x.png */,
				343C0FC316D70BE40028A6FE /* settings@2x.png */,
				3479A4E616DBCE4B0042B8AE /* placeholder@2x.png */,
				343C0F9516D695290028A6FE /* loadingAnimation */,
			);
			name = Images;
			sourceTree = "<group>";
		};
		343C0F6D16D596E50028A6FE /* Generic */ = {
			isa = PBXGroup;
			children = (
				343C0F6E16D597100028A6FE /* TCSInnerShadowView.h */,
				343C0F6F16D597100028A6FE /* TCSInnerShadowView.m */,
				343C0F8A16D5BED40028A6FE /* TCSStackedCenteredView.h */,
				343C0F8B16D5BED40028A6FE /* TCSStackedCenteredView.m */,
			);
			name = Generic;
			sourceTree = "<group>";
		};
		343C0F9516D695290028A6FE /* loadingAnimation */ = {
			isa = PBXGroup;
			children = (
				343C0F9616D695620028A6FE /* loading01@2x.png */,
				343C0F9716D695620028A6FE /* loading02@2x.png */,
				343C0F9816D695620028A6FE /* loading03@2x.png */,
				343C0F9916D695620028A6FE /* loading04@2x.png */,
				343C0F9A16D695620028A6FE /* loading05@2x.png */,
				343C0F9B16D695620028A6FE /* loading06@2x.png */,
				343C0F9C16D695620028A6FE /* loading07@2x.png */,
				343C0F9D16D695620028A6FE /* loading08@2x.png */,
				343C0F9E16D695620028A6FE /* loading09@2x.png */,
				343C0F9F16D695620028A6FE /* loading10@2x.png */,
				343C0FA016D695620028A6FE /* loading11@2x.png */,
				343C0FA116D695620028A6FE /* loading12@2x.png */,
			);
			name = loadingAnimation;
			sourceTree = "<group>";
		};
		343C0FBF16D6F0B70028A6FE /* Settings */ = {
			isa = PBXGroup;
			children = (
				343C0FAE16D6ACB40028A6FE /* TCSUserNameViewController.h */,
				343C0FAF16D6ACB40028A6FE /* TCSUserNameViewController.m */,
				343C0FB716D6E01E0028A6FE /* TCSSettingsViewController.h */,
				343C0FB816D6E01E0028A6FE /* TCSSettingsViewController.m */,
				3479A4D016D83E950042B8AE /* TCSSinglePageWebViewController.h */,
				3479A4D116D83E950042B8AE /* TCSSinglePageWebViewController.m */,
				343C0FB316D6DF9E0028A6FE /* TCSSimpleTableDataSource.h */,
				343C0FB416D6DF9E0028A6FE /* TCSSimpleTableDataSource.m */,
				343C0FBB16D6E3CF0028A6FE /* TCSSettingsCells.h */,
				343C0FBC16D6E3D00028A6FE /* TCSSettingsCells.m */,
			);
			name = Settings;
			sourceTree = "<group>";
		};
		3464744216DC7538003E6350 /* Categories */ = {
			isa = PBXGroup;
			children = (
				3464744316DC7568003E6350 /* NSDictionary+TCSDictionarySafety.h */,
				3464744416DC7568003E6350 /* NSDictionary+TCSDictionarySafety.m */,
			);
			name = Categories;
			sourceTree = "<group>";
		};
		3479A4D816D84DBB0042B8AE /* application */ = {
			isa = PBXGroup;
			children = (
				3479A4E216D8561C0042B8AE /* Default-568h@2x.png */,
				3479A4E016D856190042B8AE /* Default.png */,
				3479A4DE16D853CB0042B8AE /* Default@2x.png */,
				34A62DAF16EBC7200070AE95 /* Icon@2x.png */,
				34A62DAD16EBC7100070AE95 /* Icon.png */,
				34A62DB116EBC73D0070AE95 /* Icon-Small-50.png */,
				34A62DB216EBC73D0070AE95 /* Icon-Small.png */,
			);
			name = application;
			sourceTree = "<group>";
		};
/* End PBXGroup section */

/* Begin PBXNativeTarget section */
		343C0EE616D1C0270028A6FE /* vinylogue */ = {
			isa = PBXNativeTarget;
			buildConfigurationList = 343C0F1F16D1C0270028A6FE /* Build configuration list for PBXNativeTarget "vinylogue" */;
			buildPhases = (
				343C0EE316D1C0270028A6FE /* Sources */,
				343C0EE416D1C0270028A6FE /* Frameworks */,
				343C0EE516D1C0270028A6FE /* Resources */,
				6BFBDD49407443D5AC745FB0 /* Copy Pods Resources */,
			);
			buildRules = (
			);
			dependencies = (
			);
			name = vinylogue;
			productName = vinylogue;
			productReference = 343C0EE716D1C0270028A6FE /* vinylogue.app */;
			productType = "com.apple.product-type.application";
		};
		343C0F0B16D1C0270028A6FE /* vinylogueTests */ = {
			isa = PBXNativeTarget;
			buildConfigurationList = 343C0F2216D1C0270028A6FE /* Build configuration list for PBXNativeTarget "vinylogueTests" */;
			buildPhases = (
				343C0F0716D1C0270028A6FE /* Sources */,
				343C0F0816D1C0270028A6FE /* Frameworks */,
				343C0F0916D1C0270028A6FE /* Resources */,
				343C0F0A16D1C0270028A6FE /* ShellScript */,
			);
			buildRules = (
			);
			dependencies = (
				343C0F1316D1C0270028A6FE /* PBXTargetDependency */,
			);
			name = vinylogueTests;
			productName = vinylogueTests;
			productReference = 343C0F0C16D1C0270028A6FE /* vinylogueTests.octest */;
			productType = "com.apple.product-type.bundle";
		};
/* End PBXNativeTarget section */

/* Begin PBXProject section */
		343C0EDF16D1C0270028A6FE /* Project object */ = {
			isa = PBXProject;
			attributes = {
				CLASSPREFIX = TCS;
				LastUpgradeCheck = 0460;
				ORGANIZATIONNAME = TwoCentStudios;
			};
			buildConfigurationList = 343C0EE216D1C0270028A6FE /* Build configuration list for PBXProject "vinylogue" */;
			compatibilityVersion = "Xcode 3.2";
			developmentRegion = English;
			hasScannedForEncodings = 0;
			knownRegions = (
				en,
			);
			mainGroup = 343C0EDE16D1C0270028A6FE;
			productRefGroup = 343C0EE816D1C0270028A6FE /* Products */;
			projectDirPath = "";
			projectRoot = "";
			targets = (
				343C0EE616D1C0270028A6FE /* vinylogue */,
				343C0F0B16D1C0270028A6FE /* vinylogueTests */,
				343C0F2D16D1C94A0028A6FE /* Mogenerator */,
			);
		};
/* End PBXProject section */

/* Begin PBXResourcesBuildPhase section */
		343C0EE516D1C0270028A6FE /* Resources */ = {
			isa = PBXResourcesBuildPhase;
			buildActionMask = 2147483647;
			files = (
				343C0EF716D1C0270028A6FE /* InfoPlist.strings in Resources */,
				343C0F6716D567810028A6FE /* leftArrow@2x.png in Resources */,
				343C0F6816D567810028A6FE /* rightArrow@2x.png in Resources */,
				343C0F6A16D5702C0028A6FE /* navBarPatch@2x.png in Resources */,
				343C0F6C16D571020028A6FE /* logo@2x.png in Resources */,
				343C0F9316D5D4640028A6FE /* blueButton@2x.png in Resources */,
				343C0FA216D695620028A6FE /* loading01@2x.png in Resources */,
				343C0FA316D695620028A6FE /* loading02@2x.png in Resources */,
				343C0FA416D695620028A6FE /* loading03@2x.png in Resources */,
				343C0FA516D695620028A6FE /* loading04@2x.png in Resources */,
				343C0FA616D695620028A6FE /* loading05@2x.png in Resources */,
				343C0FA716D695620028A6FE /* loading06@2x.png in Resources */,
				343C0FA816D695620028A6FE /* loading07@2x.png in Resources */,
				343C0FA916D695620028A6FE /* loading08@2x.png in Resources */,
				343C0FAA16D695620028A6FE /* loading09@2x.png in Resources */,
				343C0FAB16D695620028A6FE /* loading10@2x.png in Resources */,
				343C0FAC16D695620028A6FE /* loading11@2x.png in Resources */,
				343C0FAD16D695620028A6FE /* loading12@2x.png in Resources */,
				343C0FC416D70BE80028A6FE /* settings@2x.png in Resources */,
				3479A4DF16D853CB0042B8AE /* Default@2x.png in Resources */,
				3479A4E116D856190042B8AE /* Default.png in Resources */,
				3479A4E316D8561C0042B8AE /* Default-568h@2x.png in Resources */,
				3479A4E716DBCE4B0042B8AE /* placeholder@2x.png in Resources */,
				34A62DA816EBBF6E0070AE95 /* licenses.html in Resources */,
				34A62DAE16EBC7100070AE95 /* Icon.png in Resources */,
				34A62DB016EBC7200070AE95 /* Icon@2x.png in Resources */,
				34A62DB316EBC73D0070AE95 /* Icon-Small-50.png in Resources */,
				34A62DB416EBC73D0070AE95 /* Icon-Small.png in Resources */,
			);
			runOnlyForDeploymentPostprocessing = 0;
		};
		343C0F0916D1C0270028A6FE /* Resources */ = {
			isa = PBXResourcesBuildPhase;
			buildActionMask = 2147483647;
			files = (
				343C0F1916D1C0270028A6FE /* InfoPlist.strings in Resources */,
				343C0F9416D5D4640028A6FE /* blueButton@2x.png in Resources */,
				343C0FC516D70BE80028A6FE /* settings@2x.png in Resources */,
				3479A4E816DBCE4B0042B8AE /* placeholder@2x.png in Resources */,
			);
			runOnlyForDeploymentPostprocessing = 0;
		};
/* End PBXResourcesBuildPhase section */

/* Begin PBXShellScriptBuildPhase section */
		343C0F0A16D1C0270028A6FE /* ShellScript */ = {
			isa = PBXShellScriptBuildPhase;
			buildActionMask = 2147483647;
			files = (
			);
			inputPaths = (
			);
			outputPaths = (
			);
			runOnlyForDeploymentPostprocessing = 0;
			shellPath = /bin/sh;
			shellScript = "# Run the unit tests in this test bundle.\n\"${SYSTEM_DEVELOPER_DIR}/Tools/RunUnitTests\"\n";
		};
		343C0F3116D1C9500028A6FE /* ShellScript */ = {
			isa = PBXShellScriptBuildPhase;
			buildActionMask = 2147483647;
			files = (
			);
			inputPaths = (
			);
			outputPaths = (
			);
			runOnlyForDeploymentPostprocessing = 0;
			shellPath = /bin/sh;
			shellScript = "PATH=${PATH}:/usr/local/bin\ncd ~/Dropbox/Code/vinylogue/vinylogue\nmogenerator -m vinylogue.xcdatamodeld/vinylogue.xcdatamodel --template-var arc=true";
		};
		6BFBDD49407443D5AC745FB0 /* Copy Pods Resources */ = {
			isa = PBXShellScriptBuildPhase;
			buildActionMask = 2147483647;
			files = (
			);
			inputPaths = (
			);
			name = "Copy Pods Resources";
			outputPaths = (
			);
			runOnlyForDeploymentPostprocessing = 0;
			shellPath = /bin/sh;
			shellScript = "\"${SRCROOT}/Pods/Pods-resources.sh\"\n";
		};
/* End PBXShellScriptBuildPhase section */

/* Begin PBXSourcesBuildPhase section */
		343C0EE316D1C0270028A6FE /* Sources */ = {
			isa = PBXSourcesBuildPhase;
			buildActionMask = 2147483647;
			files = (
				343C0EF916D1C0270028A6FE /* main.m in Sources */,
				343C0EFD16D1C0270028A6FE /* TCSAppDelegate.m in Sources */,
				343C0F0616D1C0270028A6FE /* vinylogue.xcdatamodeld in Sources */,
				343C0F3E16D1CAAF0028A6FE /* WeeklyAlbumChart.m in Sources */,
				343C0F4016D1CAAF0028A6FE /* WeeklyChart.m in Sources */,
				343C0F4416D1CB360028A6FE /* TCSLastFMAPIClient.m in Sources */,
				343C0F5616D2A5B70028A6FE /* TCSWeeklyAlbumChartViewController.m in Sources */,
				343C0F5A16D31D3E0028A6FE /* TCSAlbumArtistPlayCountCell.m in Sources */,
				343C0F6116D329CE0028A6FE /* TCSSlideSelectView.m in Sources */,
				343C0F7016D597100028A6FE /* TCSInnerShadowView.m in Sources */,
				343C0F8C16D5BED40028A6FE /* TCSStackedCenteredView.m in Sources */,
				343C0F9016D5BF590028A6FE /* TCSEmptyErrorView.m in Sources */,
				343C0FB016D6ACB40028A6FE /* TCSUserNameViewController.m in Sources */,
				343C0FB516D6DF9F0028A6FE /* TCSSimpleTableDataSource.m in Sources */,
				343C0FB916D6E01E0028A6FE /* TCSSettingsViewController.m in Sources */,
				343C0FBD16D6E3D00028A6FE /* TCSSettingsCells.m in Sources */,
				343C0FC816D7F8F10028A6FE /* TCSFavoriteUsersViewController.m in Sources */,
				343C0FCC16D816840028A6FE /* TCSUserStore.m in Sources */,
				3479A4D216D83E950042B8AE /* TCSSinglePageWebViewController.m in Sources */,
				3464744516DC7568003E6350 /* NSDictionary+TCSDictionarySafety.m in Sources */,
				3480C59816EE3D5A00443F08 /* User.m in Sources */,
			);
			runOnlyForDeploymentPostprocessing = 0;
		};
		343C0F0716D1C0270028A6FE /* Sources */ = {
			isa = PBXSourcesBuildPhase;
			buildActionMask = 2147483647;
			files = (
				343C0F1C16D1C0270028A6FE /* vinylogueTests.m in Sources */,
				343C0F3F16D1CAAF0028A6FE /* WeeklyAlbumChart.m in Sources */,
				343C0F4116D1CAAF0028A6FE /* WeeklyChart.m in Sources */,
				343C0F4516D1CB360028A6FE /* TCSLastFMAPIClient.m in Sources */,
				343C0F5716D2A5B70028A6FE /* TCSWeeklyAlbumChartViewController.m in Sources */,
				343C0F5B16D31D3E0028A6FE /* TCSAlbumArtistPlayCountCell.m in Sources */,
				343C0F6216D329CE0028A6FE /* TCSSlideSelectView.m in Sources */,
				343C0F7116D597100028A6FE /* TCSInnerShadowView.m in Sources */,
				343C0F8D16D5BED40028A6FE /* TCSStackedCenteredView.m in Sources */,
				343C0F9116D5BF590028A6FE /* TCSEmptyErrorView.m in Sources */,
				343C0FB116D6ACB40028A6FE /* TCSUserNameViewController.m in Sources */,
				343C0FB616D6DF9F0028A6FE /* TCSSimpleTableDataSource.m in Sources */,
				343C0FBA16D6E01E0028A6FE /* TCSSettingsViewController.m in Sources */,
				343C0FBE16D6E3D00028A6FE /* TCSSettingsCells.m in Sources */,
				343C0FC916D7F8F10028A6FE /* TCSFavoriteUsersViewController.m in Sources */,
				343C0FCD16D816840028A6FE /* TCSUserStore.m in Sources */,
				3479A4D316D83E950042B8AE /* TCSSinglePageWebViewController.m in Sources */,
				3464744616DC7568003E6350 /* NSDictionary+TCSDictionarySafety.m in Sources */,
			);
			runOnlyForDeploymentPostprocessing = 0;
		};
/* End PBXSourcesBuildPhase section */

/* Begin PBXTargetDependency section */
		343C0F1316D1C0270028A6FE /* PBXTargetDependency */ = {
			isa = PBXTargetDependency;
			target = 343C0EE616D1C0270028A6FE /* vinylogue */;
			targetProxy = 343C0F1216D1C0270028A6FE /* PBXContainerItemProxy */;
		};
/* End PBXTargetDependency section */

/* Begin PBXVariantGroup section */
		343C0EF516D1C0270028A6FE /* InfoPlist.strings */ = {
			isa = PBXVariantGroup;
			children = (
				343C0EF616D1C0270028A6FE /* en */,
			);
			name = InfoPlist.strings;
			sourceTree = "<group>";
		};
		343C0F1716D1C0270028A6FE /* InfoPlist.strings */ = {
			isa = PBXVariantGroup;
			children = (
				343C0F1816D1C0270028A6FE /* en */,
			);
			name = InfoPlist.strings;
			sourceTree = "<group>";
		};
/* End PBXVariantGroup section */

/* Begin XCBuildConfiguration section */
		343C0F1D16D1C0270028A6FE /* Debug */ = {
			isa = XCBuildConfiguration;
			buildSettings = {
				ALWAYS_SEARCH_USER_PATHS = NO;
				CLANG_CXX_LANGUAGE_STANDARD = "gnu++0x";
				CLANG_CXX_LIBRARY = "libc++";
				CLANG_ENABLE_OBJC_ARC = YES;
				CLANG_WARN_CONSTANT_CONVERSION = YES;
				CLANG_WARN_EMPTY_BODY = YES;
				CLANG_WARN_ENUM_CONVERSION = YES;
				CLANG_WARN_INT_CONVERSION = YES;
				CLANG_WARN__DUPLICATE_METHOD_MATCH = YES;
				"CODE_SIGN_IDENTITY[sdk=iphoneos*]" = "iPhone Developer";
				COPY_PHASE_STRIP = NO;
				GCC_C_LANGUAGE_STANDARD = gnu99;
				GCC_DYNAMIC_NO_PIC = NO;
				GCC_OPTIMIZATION_LEVEL = 0;
				GCC_PREPROCESSOR_DEFINITIONS = (
					"DEBUG=1",
					"$(inherited)",
				);
				GCC_SYMBOLS_PRIVATE_EXTERN = NO;
				GCC_WARN_ABOUT_RETURN_TYPE = YES;
				GCC_WARN_UNINITIALIZED_AUTOS = YES;
				GCC_WARN_UNUSED_VARIABLE = YES;
				IPHONEOS_DEPLOYMENT_TARGET = 6.0;
				ONLY_ACTIVE_ARCH = YES;
				SDKROOT = iphoneos;
				TARGETED_DEVICE_FAMILY = 1;
			};
			name = Debug;
		};
		343C0F1E16D1C0270028A6FE /* Release */ = {
			isa = XCBuildConfiguration;
			buildSettings = {
				ALWAYS_SEARCH_USER_PATHS = NO;
				CLANG_CXX_LANGUAGE_STANDARD = "gnu++0x";
				CLANG_CXX_LIBRARY = "libc++";
				CLANG_ENABLE_OBJC_ARC = YES;
				CLANG_WARN_CONSTANT_CONVERSION = YES;
				CLANG_WARN_EMPTY_BODY = YES;
				CLANG_WARN_ENUM_CONVERSION = YES;
				CLANG_WARN_INT_CONVERSION = YES;
				CLANG_WARN__DUPLICATE_METHOD_MATCH = YES;
				CODE_SIGN_IDENTITY = "iPhone Distribution: Christopher Trott";
				"CODE_SIGN_IDENTITY[sdk=iphoneos*]" = "iPhone Distribution: Christopher Trott";
				COPY_PHASE_STRIP = YES;
				GCC_C_LANGUAGE_STANDARD = gnu99;
				GCC_WARN_ABOUT_RETURN_TYPE = YES;
				GCC_WARN_UNINITIALIZED_AUTOS = YES;
				GCC_WARN_UNUSED_VARIABLE = YES;
				IPHONEOS_DEPLOYMENT_TARGET = 6.0;
				OTHER_CFLAGS = "-DNS_BLOCK_ASSERTIONS=1";
				PROVISIONING_PROFILE = "BCC63C0F-A894-41F3-ADB8-6290601BD481";
				"PROVISIONING_PROFILE[sdk=iphoneos*]" = "BCC63C0F-A894-41F3-ADB8-6290601BD481";
				SDKROOT = iphoneos;
				TARGETED_DEVICE_FAMILY = 1;
				VALIDATE_PRODUCT = YES;
			};
			name = Release;
		};
		343C0F2016D1C0270028A6FE /* Debug */ = {
			isa = XCBuildConfiguration;
			baseConfigurationReference = 2000F782F5C947DDB1A0F8C5 /* Pods.xcconfig */;
			buildSettings = {
				GCC_PRECOMPILE_PREFIX_HEADER = YES;
				GCC_PREFIX_HEADER = "vinylogue/vinylogue-Prefix.pch";
				HEADER_SEARCH_PATHS = (
					"${PODS_HEADERS_SEARCH_PATHS}",
					"$(inherited)",
				);
				INFOPLIST_FILE = "vinylogue/vinylogue-Info.plist";
				INSTALL_PATH = "$(LOCAL_APPS_DIR)";
				IPHONEOS_DEPLOYMENT_TARGET = 6.0;
				LIBRARY_SEARCH_PATHS = (
					"\"$(PODS_ROOT)/TestFlightSDK\"",
					"$(inherited)",
				);
				OTHER_LDFLAGS = (
					"-ObjC",
					"-framework",
					CoreData,
					"-framework",
					Foundation,
					"-framework",
					MobileCoreServices,
					"-framework",
					QuartzCore,
					"-framework",
					SystemConfiguration,
					"$(inherited)",
					"-force_load",
					"$(TARGET_BUILD_DIR)/libPods.a",
				);
				PRODUCT_NAME = "$(TARGET_NAME)";
				TARGETED_DEVICE_FAMILY = 1;
				USER_HEADER_SEARCH_PATHS = "\"$(PROJECT_TEMP_DIR)/../UninstalledProducts\" $(inherited)";
				WRAPPER_EXTENSION = app;
			};
			name = Debug;
		};
		343C0F2116D1C0270028A6FE /* Release */ = {
			isa = XCBuildConfiguration;
			baseConfigurationReference = 2000F782F5C947DDB1A0F8C5 /* Pods.xcconfig */;
			buildSettings = {
				ARCHS = "$(ARCHS_STANDARD_32_BIT)";
				CODE_SIGN_IDENTITY = "iPhone Distribution: Christopher Trott";
				"CODE_SIGN_IDENTITY[sdk=iphoneos*]" = "iPhone Distribution: Christopher Trott";
				GCC_PRECOMPILE_PREFIX_HEADER = YES;
				GCC_PREFIX_HEADER = "vinylogue/vinylogue-Prefix.pch";
				HEADER_SEARCH_PATHS = (
					"${PODS_HEADERS_SEARCH_PATHS}",
					"$(inherited)",
				);
				INFOPLIST_FILE = "vinylogue/vinylogue-Info.plist";
				INSTALL_PATH = "$(LOCAL_APPS_DIR)";
				IPHONEOS_DEPLOYMENT_TARGET = 6.0;
				LIBRARY_SEARCH_PATHS = (
					"\"$(PODS_ROOT)/TestFlightSDK\"",
					"$(inherited)",
				);
				OTHER_LDFLAGS = (
					"-ObjC",
					"-framework",
					CoreData,
					"-framework",
					Foundation,
					"-framework",
					MobileCoreServices,
					"-framework",
					QuartzCore,
					"-framework",
					SystemConfiguration,
					"$(inherited)",
				);
				PRODUCT_NAME = "$(TARGET_NAME)";
				PROVISIONING_PROFILE = "BCC63C0F-A894-41F3-ADB8-6290601BD481";
				"PROVISIONING_PROFILE[sdk=iphoneos*]" = "BCC63C0F-A894-41F3-ADB8-6290601BD481";
				TARGETED_DEVICE_FAMILY = 1;
				USER_HEADER_SEARCH_PATHS = "\"$(PROJECT_TEMP_DIR)/../UninstalledProducts\" $(inherited)";
				WRAPPER_EXTENSION = app;
			};
			name = Release;
		};
		343C0F2316D1C0270028A6FE /* Debug */ = {
			isa = XCBuildConfiguration;
			buildSettings = {
				BUNDLE_LOADER = "$(BUILT_PRODUCTS_DIR)/vinylogue.app/vinylogue";
				FRAMEWORK_SEARCH_PATHS = (
					"\"$(SDKROOT)/Developer/Library/Frameworks\"",
					"\"$(DEVELOPER_LIBRARY_DIR)/Frameworks\"",
				);
				GCC_PRECOMPILE_PREFIX_HEADER = YES;
				GCC_PREFIX_HEADER = "vinylogue/vinylogue-Prefix.pch";
				INFOPLIST_FILE = "vinylogueTests/vinylogueTests-Info.plist";
				PRODUCT_NAME = "$(TARGET_NAME)";
				TEST_HOST = "$(BUNDLE_LOADER)";
				WRAPPER_EXTENSION = octest;
			};
			name = Debug;
		};
		343C0F2416D1C0270028A6FE /* Release */ = {
			isa = XCBuildConfiguration;
			buildSettings = {
				BUNDLE_LOADER = "$(BUILT_PRODUCTS_DIR)/vinylogue.app/vinylogue";
				FRAMEWORK_SEARCH_PATHS = (
					"\"$(SDKROOT)/Developer/Library/Frameworks\"",
					"\"$(DEVELOPER_LIBRARY_DIR)/Frameworks\"",
				);
				GCC_PRECOMPILE_PREFIX_HEADER = YES;
				GCC_PREFIX_HEADER = "vinylogue/vinylogue-Prefix.pch";
				INFOPLIST_FILE = "vinylogueTests/vinylogueTests-Info.plist";
				PRODUCT_NAME = "$(TARGET_NAME)";
				TEST_HOST = "$(BUNDLE_LOADER)";
				WRAPPER_EXTENSION = octest;
			};
			name = Release;
		};
		343C0F2F16D1C94A0028A6FE /* Debug */ = {
			isa = XCBuildConfiguration;
			buildSettings = {
				PRODUCT_NAME = "$(TARGET_NAME)";
			};
			name = Debug;
		};
		343C0F3016D1C94A0028A6FE /* Release */ = {
			isa = XCBuildConfiguration;
			buildSettings = {
				PRODUCT_NAME = "$(TARGET_NAME)";
			};
			name = Release;
		};
		34A62DA916EBC4B90070AE95 /* AppStore */ = {
			isa = XCBuildConfiguration;
			buildSettings = {
				ALWAYS_SEARCH_USER_PATHS = NO;
				CLANG_CXX_LANGUAGE_STANDARD = "gnu++0x";
				CLANG_CXX_LIBRARY = "libc++";
				CLANG_ENABLE_OBJC_ARC = YES;
				CLANG_WARN_CONSTANT_CONVERSION = YES;
				CLANG_WARN_EMPTY_BODY = YES;
				CLANG_WARN_ENUM_CONVERSION = YES;
				CLANG_WARN_INT_CONVERSION = YES;
				CLANG_WARN__DUPLICATE_METHOD_MATCH = YES;
				CODE_SIGN_IDENTITY = "iPhone Distribution: Christopher Trott";
				"CODE_SIGN_IDENTITY[sdk=iphoneos*]" = "iPhone Distribution: Christopher Trott";
				COPY_PHASE_STRIP = YES;
				GCC_C_LANGUAGE_STANDARD = gnu99;
				GCC_WARN_ABOUT_RETURN_TYPE = YES;
				GCC_WARN_UNINITIALIZED_AUTOS = YES;
				GCC_WARN_UNUSED_VARIABLE = YES;
				IPHONEOS_DEPLOYMENT_TARGET = 6.0;
				OTHER_CFLAGS = "-DNS_BLOCK_ASSERTIONS=1";
				PROVISIONING_PROFILE = "BCC63C0F-A894-41F3-ADB8-6290601BD481";
				"PROVISIONING_PROFILE[sdk=iphoneos*]" = "BCC63C0F-A894-41F3-ADB8-6290601BD481";
				SDKROOT = iphoneos;
				TARGETED_DEVICE_FAMILY = 1;
				VALIDATE_PRODUCT = YES;
			};
			name = AppStore;
		};
		34A62DAA16EBC4B90070AE95 /* AppStore */ = {
			isa = XCBuildConfiguration;
			baseConfigurationReference = 2000F782F5C947DDB1A0F8C5 /* Pods.xcconfig */;
			buildSettings = {
				ARCHS = "$(ARCHS_STANDARD_32_BIT)";
				CODE_SIGN_IDENTITY = "iPhone Distribution: Christopher Trott";
				"CODE_SIGN_IDENTITY[sdk=iphoneos*]" = "iPhone Distribution: Christopher Trott";
				GCC_PRECOMPILE_PREFIX_HEADER = YES;
				GCC_PREFIX_HEADER = "vinylogue/vinylogue-Prefix.pch";
				HEADER_SEARCH_PATHS = (
					"${PODS_HEADERS_SEARCH_PATHS}",
					"$(inherited)",
				);
				INFOPLIST_FILE = "vinylogue/vinylogue-Info.plist";
				INSTALL_PATH = "$(LOCAL_APPS_DIR)";
				IPHONEOS_DEPLOYMENT_TARGET = 6.0;
				LIBRARY_SEARCH_PATHS = (
					"\"$(PODS_ROOT)/TestFlightSDK\"",
					"$(inherited)",
				);
				OTHER_LDFLAGS = (
					"-ObjC",
					"-framework",
					CoreData,
					"-framework",
					Foundation,
					"-framework",
					MobileCoreServices,
					"-framework",
					QuartzCore,
					"-framework",
					SystemConfiguration,
					"$(inherited)",
				);
				PRODUCT_NAME = "$(TARGET_NAME)";
				PROVISIONING_PROFILE = "5FDC5991-0562-4F4B-A2EB-84A95015325C";
				"PROVISIONING_PROFILE[sdk=iphoneos*]" = "5FDC5991-0562-4F4B-A2EB-84A95015325C";
				TARGETED_DEVICE_FAMILY = 1;
				USER_HEADER_SEARCH_PATHS = "\"$(PROJECT_TEMP_DIR)/../UninstalledProducts\" $(inherited)";
				WRAPPER_EXTENSION = app;
			};
			name = AppStore;
		};
		34A62DAB16EBC4B90070AE95 /* AppStore */ = {
			isa = XCBuildConfiguration;
			buildSettings = {
				BUNDLE_LOADER = "$(BUILT_PRODUCTS_DIR)/vinylogue.app/vinylogue";
				FRAMEWORK_SEARCH_PATHS = (
					"\"$(SDKROOT)/Developer/Library/Frameworks\"",
					"\"$(DEVELOPER_LIBRARY_DIR)/Frameworks\"",
				);
				GCC_PRECOMPILE_PREFIX_HEADER = YES;
				GCC_PREFIX_HEADER = "vinylogue/vinylogue-Prefix.pch";
				INFOPLIST_FILE = "vinylogueTests/vinylogueTests-Info.plist";
				PRODUCT_NAME = "$(TARGET_NAME)";
				TEST_HOST = "$(BUNDLE_LOADER)";
				WRAPPER_EXTENSION = octest;
			};
			name = AppStore;
		};
		34A62DAC16EBC4B90070AE95 /* AppStore */ = {
			isa = XCBuildConfiguration;
			buildSettings = {
				PRODUCT_NAME = "$(TARGET_NAME)";
			};
			name = AppStore;
		};
/* End XCBuildConfiguration section */

/* Begin XCConfigurationList section */
		343C0EE216D1C0270028A6FE /* Build configuration list for PBXProject "vinylogue" */ = {
			isa = XCConfigurationList;
			buildConfigurations = (
				343C0F1D16D1C0270028A6FE /* Debug */,
				343C0F1E16D1C0270028A6FE /* Release */,
				34A62DA916EBC4B90070AE95 /* AppStore */,
			);
			defaultConfigurationIsVisible = 0;
			defaultConfigurationName = Release;
		};
		343C0F1F16D1C0270028A6FE /* Build configuration list for PBXNativeTarget "vinylogue" */ = {
			isa = XCConfigurationList;
			buildConfigurations = (
				343C0F2016D1C0270028A6FE /* Debug */,
				343C0F2116D1C0270028A6FE /* Release */,
				34A62DAA16EBC4B90070AE95 /* AppStore */,
			);
			defaultConfigurationIsVisible = 0;
			defaultConfigurationName = Release;
		};
		343C0F2216D1C0270028A6FE /* Build configuration list for PBXNativeTarget "vinylogueTests" */ = {
			isa = XCConfigurationList;
			buildConfigurations = (
				343C0F2316D1C0270028A6FE /* Debug */,
				343C0F2416D1C0270028A6FE /* Release */,
				34A62DAB16EBC4B90070AE95 /* AppStore */,
			);
			defaultConfigurationIsVisible = 0;
			defaultConfigurationName = Release;
		};
		343C0F2E16D1C94A0028A6FE /* Build configuration list for PBXAggregateTarget "Mogenerator" */ = {
			isa = XCConfigurationList;
			buildConfigurations = (
				343C0F2F16D1C94A0028A6FE /* Debug */,
				343C0F3016D1C94A0028A6FE /* Release */,
				34A62DAC16EBC4B90070AE95 /* AppStore */,
			);
			defaultConfigurationIsVisible = 0;
			defaultConfigurationName = Release;
		};
/* End XCConfigurationList section */

/* Begin XCVersionGroup section */
		343C0F0416D1C0270028A6FE /* vinylogue.xcdatamodeld */ = {
			isa = XCVersionGroup;
			children = (
				343C0F0516D1C0270028A6FE /* vinylogue.xcdatamodel */,
			);
			currentVersion = 343C0F0516D1C0270028A6FE /* vinylogue.xcdatamodel */;
			path = vinylogue.xcdatamodeld;
			sourceTree = "<group>";
			versionGroupType = wrapper.xcdatamodel;
		};
/* End XCVersionGroup section */
	};
	rootObject = 343C0EDF16D1C0270028A6FE /* Project object */;
}
